lockfileVersion: '6.0'

dependencies:
  '@telebridge/entity':
    specifier: github:TeleBridge/entity
    version: github.com/TeleBridge/entity/a14ac9c02a75a842e695f91a894e69aa96e0a659
  chalk:
    specifier: ^5.2.0
    version: 5.2.0
  discord.js:
    specifier: ^14.11.0
    version: 14.11.0
  dotenv:
    specifier: ^16.1.4
    version: 16.1.4
  jimp:
    specifier: ^0.22.8
    version: 0.22.8
  mongodb:
    specifier: ^5.6.0
    version: 5.6.0
  telegraf:
    specifier: ^4.12.2
    version: 4.12.2
  telegram:
    specifier: ^2.17.4
    version: 2.17.4
  typegram:
    specifier: ^5.0.0
    version: 5.0.0
  typescript:
    specifier: ^5.1.3
    version: 5.1.3

packages:

  /@cryptography/aes@0.1.1:
    resolution: {integrity: sha512-PcYz4FDGblO6tM2kSC+VzhhK62vml6k6/YAkiWtyPvrgJVfnDRoHGDtKn5UiaRRUrvUTTocBpvc2rRgTCqxjsg==}
    dev: false

  /@discordjs/builders@1.6.3:
    resolution: {integrity: sha512-CTCh8NqED3iecTNuiz49mwSsrc2iQb4d0MjMdmS/8pb69Y4IlzJ/DIy/p5GFlgOrFbNO2WzMHkWKQSiJ3VNXaw==}
    engines: {node: '>=16.9.0'}
    dependencies:
      '@discordjs/formatters': 0.3.1
      '@discordjs/util': 0.3.1
      '@sapphire/shapeshift': 3.9.0
      discord-api-types: 0.37.42
      fast-deep-equal: 3.1.3
      ts-mixer: 6.0.3
      tslib: 2.5.0
    dev: false

  /@discordjs/collection@1.5.1:
    resolution: {integrity: sha512-aWEc9DCf3TMDe9iaJoOnO2+JVAjeRNuRxPZQA6GVvBf+Z3gqUuWYBy2NWh4+5CLYq5uoc3MOvUQ5H5m8CJBqOA==}
    engines: {node: '>=16.9.0'}
    dev: false

  /@discordjs/formatters@0.3.1:
    resolution: {integrity: sha512-M7X4IGiSeh4znwcRGcs+49B5tBkNDn4k5bmhxJDAUhRxRHTiFAOTVUNQ6yAKySu5jZTnCbSvTYHW3w0rAzV1MA==}
    engines: {node: '>=16.9.0'}
    dependencies:
      discord-api-types: 0.37.42
    dev: false

  /@discordjs/rest@1.7.1:
    resolution: {integrity: sha512-Ofa9UqT0U45G/eX86cURQnX7gzOJLG2oC28VhIk/G6IliYgQF7jFByBJEykPSHE4MxPhqCleYvmsrtfKh1nYmQ==}
    engines: {node: '>=16.9.0'}
    dependencies:
      '@discordjs/collection': 1.5.1
      '@discordjs/util': 0.3.1
      '@sapphire/async-queue': 1.5.0
      '@sapphire/snowflake': 3.5.1
      discord-api-types: 0.37.42
      file-type: 18.4.0
      tslib: 2.5.0
      undici: 5.22.1
    dev: false

  /@discordjs/util@0.3.1:
    resolution: {integrity: sha512-HxXKYKg7vohx2/OupUN/4Sd02Ev3PBJ5q0gtjdcvXb0ErCva8jNHWfe/v5sU3UKjIB/uxOhc+TDOnhqffj9pRA==}
    engines: {node: '>=16.9.0'}
    dev: false

  /@discordjs/ws@0.8.3:
    resolution: {integrity: sha512-hcYtppanjHecbdNyCKQNH2I4RP9UrphDgmRgLYrATEQF1oo4sYSve7ZmGsBEXSzH72MO2tBPdWSThunbxUVk0g==}
    engines: {node: '>=16.9.0'}
    dependencies:
      '@discordjs/collection': 1.5.1
      '@discordjs/rest': 1.7.1
      '@discordjs/util': 0.3.1
      '@sapphire/async-queue': 1.5.0
      '@types/ws': 8.5.4
      '@vladfrangu/async_event_emitter': 2.2.2
      discord-api-types: 0.37.42
      tslib: 2.5.0
      ws: 8.13.0
    transitivePeerDependencies:
      - bufferutil
      - utf-8-validate
    dev: false

  /@jimp/bmp@0.22.8(@jimp/custom@0.22.8):
    resolution: {integrity: sha512-JEMKgM1AEvvWfn9ZCHn62nK+QCE3Pb/ZhPdL3NF0ZgKNww6pqOmo6KqXzqY18JLB7c0epuTp4GPDPDhOh/ou1g==}
    peerDependencies:
      '@jimp/custom': '>=0.3.5'
    dependencies:
      '@jimp/custom': 0.22.8
      '@jimp/utils': 0.22.8
      bmp-js: 0.1.0
    dev: false

  /@jimp/core@0.22.8:
    resolution: {integrity: sha512-vkN28aFikzQieA6bGxN+qe20pseCAemCyUI0YmRkJIArlb6OujtAwWAKyokv2lylV56bq8EQGIz+Y30OXUnRqg==}
    dependencies:
      '@jimp/utils': 0.22.8
      any-base: 1.1.0
      buffer: 5.7.1
      exif-parser: 0.1.12
      file-type: 16.5.4
      isomorphic-fetch: 3.0.0
      mkdirp: 2.1.6
      pixelmatch: 4.0.2
      tinycolor2: 1.6.0
    transitivePeerDependencies:
      - encoding
    dev: false

  /@jimp/custom@0.22.8:
    resolution: {integrity: sha512-u6lP9x/HNeGHB0Oojv4c2mhuDvn7G0ikzYbK4IKLsH4HzHxt62faMjBzQMcFhKJhR6UiiKE/jiHrhGvBT/fMkw==}
    dependencies:
      '@jimp/core': 0.22.8
    transitivePeerDependencies:
      - encoding
    dev: false

  /@jimp/gif@0.22.8(@jimp/custom@0.22.8):
    resolution: {integrity: sha512-I0l6koS67IPU40RPxCJTD1NvePEd8vUIHTejx1ly0jrjGnumbqdarAlBUkDrKfPPc+Fnqp84hBbSN1w5hNPT6w==}
    peerDependencies:
      '@jimp/custom': '>=0.3.5'
    dependencies:
      '@jimp/custom': 0.22.8
      '@jimp/utils': 0.22.8
      gifwrap: 0.9.4
      omggif: 1.0.10
    dev: false

  /@jimp/jpeg@0.22.8(@jimp/custom@0.22.8):
    resolution: {integrity: sha512-hLXrQ7/0QiUhAVAF10dfGCSq3hvyqjKltlpu/87b3wqMDKe9KdvhX1AJHiUUrAbJv1fAcnOmQGTyXGuySa1D6A==}
    peerDependencies:
      '@jimp/custom': '>=0.3.5'
    dependencies:
      '@jimp/custom': 0.22.8
      '@jimp/utils': 0.22.8
      jpeg-js: 0.4.4
    dev: false

  /@jimp/plugin-blit@0.22.8(@jimp/custom@0.22.8):
    resolution: {integrity: sha512-rQ19txVCKIwo74HtgFodFt4//0ATPCJK+f24riqzb+nx+1JaOo1xRvpJqg4moirHwKR2fhwdDxmY7KX20kCeYA==}
    peerDependencies:
      '@jimp/custom': '>=0.3.5'
    dependencies:
      '@jimp/custom': 0.22.8
      '@jimp/utils': 0.22.8
    dev: false

  /@jimp/plugin-blur@0.22.8(@jimp/custom@0.22.8):
    resolution: {integrity: sha512-GWbNK3YW6k2EKiGJdpAFEr0jezPBtiVxj2wG/lCPuWJz7KmzSSN99hQjIy73xQxoBCRdALfJlkhe3leFNRueSQ==}
    peerDependencies:
      '@jimp/custom': '>=0.3.5'
    dependencies:
      '@jimp/custom': 0.22.8
      '@jimp/utils': 0.22.8
    dev: false

  /@jimp/plugin-circle@0.22.8(@jimp/custom@0.22.8):
    resolution: {integrity: sha512-qPCw8XFW8opT89ciFDuvs+eB3EB1mZIJWVajD2qAlprHiE7YGr34TkM7N5MNr3qZ1pJgkYdW6+HbBrJwBaonqw==}
    peerDependencies:
      '@jimp/custom': '>=0.3.5'
    dependencies:
      '@jimp/custom': 0.22.8
      '@jimp/utils': 0.22.8
    dev: false

  /@jimp/plugin-color@0.22.8(@jimp/custom@0.22.8):
    resolution: {integrity: sha512-ogkbg6rpDVH/mMLgAQKg17z3oZE0VN7ZWxNoH12fUHchqKz1I57zpa65fxZe2I8T5Xz97HR3x+7V7oI8qQGdSA==}
    peerDependencies:
      '@jimp/custom': '>=0.3.5'
    dependencies:
      '@jimp/custom': 0.22.8
      '@jimp/utils': 0.22.8
      tinycolor2: 1.6.0
    dev: false

  /@jimp/plugin-contain@0.22.8(@jimp/custom@0.22.8)(@jimp/plugin-blit@0.22.8)(@jimp/plugin-resize@0.22.8)(@jimp/plugin-scale@0.22.8):
    resolution: {integrity: sha512-oiaPLdJt9Dk+XEEhM/OU3lFemM51mA9NgMCAdburSCjDzKacJYBGFSHjTOhXzcxOie/ZDpOYN/UzFGKy8Dgl9A==}
    peerDependencies:
      '@jimp/custom': '>=0.3.5'
      '@jimp/plugin-blit': '>=0.3.5'
      '@jimp/plugin-resize': '>=0.3.5'
      '@jimp/plugin-scale': '>=0.3.5'
    dependencies:
      '@jimp/custom': 0.22.8
      '@jimp/plugin-blit': 0.22.8(@jimp/custom@0.22.8)
      '@jimp/plugin-resize': 0.22.8(@jimp/custom@0.22.8)
      '@jimp/plugin-scale': 0.22.8(@jimp/custom@0.22.8)(@jimp/plugin-resize@0.22.8)
      '@jimp/utils': 0.22.8
    dev: false

  /@jimp/plugin-cover@0.22.8(@jimp/custom@0.22.8)(@jimp/plugin-crop@0.22.8)(@jimp/plugin-resize@0.22.8)(@jimp/plugin-scale@0.22.8):
    resolution: {integrity: sha512-mO68w1m/LhfuHU8LKHY05a4/hhWnY4t+T+8JCw9t+5yfzA4+LofBZZKtFtWgwf/QGe1y3X2rtUU/avAzDUKyyA==}
    peerDependencies:
      '@jimp/custom': '>=0.3.5'
      '@jimp/plugin-crop': '>=0.3.5'
      '@jimp/plugin-resize': '>=0.3.5'
      '@jimp/plugin-scale': '>=0.3.5'
    dependencies:
      '@jimp/custom': 0.22.8
      '@jimp/plugin-crop': 0.22.8(@jimp/custom@0.22.8)
      '@jimp/plugin-resize': 0.22.8(@jimp/custom@0.22.8)
      '@jimp/plugin-scale': 0.22.8(@jimp/custom@0.22.8)(@jimp/plugin-resize@0.22.8)
      '@jimp/utils': 0.22.8
    dev: false

  /@jimp/plugin-crop@0.22.8(@jimp/custom@0.22.8):
    resolution: {integrity: sha512-ns4oH0h0gezYsbuH8RThcMLY5uTLk/vnqOVjWCehMHEzxi0DHMWCmpcb6bC//vJ+XFNhtVGn1ALN7+ROmPrj+A==}
    peerDependencies:
      '@jimp/custom': '>=0.3.5'
    dependencies:
      '@jimp/custom': 0.22.8
      '@jimp/utils': 0.22.8
    dev: false

  /@jimp/plugin-displace@0.22.8(@jimp/custom@0.22.8):
    resolution: {integrity: sha512-Cj8nHYgsdFynOIx3dbbiVwRuZn3xO+RVfwkTRy0JBye+K2AU8SQJS+hSFNMQFTZt5djivh6kh0TzvR/6LkOd1w==}
    peerDependencies:
      '@jimp/custom': '>=0.3.5'
    dependencies:
      '@jimp/custom': 0.22.8
      '@jimp/utils': 0.22.8
    dev: false

  /@jimp/plugin-dither@0.22.8(@jimp/custom@0.22.8):
    resolution: {integrity: sha512-oE0Us/6bEgrgEg56plU3jSBzvB9iGhweKUHmxYMWnQbFCHP4mNCtPAs8+Fmq6c+m98ZgBgRcrJTnC7lphHkGyw==}
    peerDependencies:
      '@jimp/custom': '>=0.3.5'
    dependencies:
      '@jimp/custom': 0.22.8
      '@jimp/utils': 0.22.8
    dev: false

  /@jimp/plugin-fisheye@0.22.8(@jimp/custom@0.22.8):
    resolution: {integrity: sha512-bWvYY/nfMcKclWEaRyAir+YsT6C5St823HUQAsewZowTrJmme+w4U2a6InsryTHUL01BBcV5BLH0aDHuV3StvA==}
    peerDependencies:
      '@jimp/custom': '>=0.3.5'
    dependencies:
      '@jimp/custom': 0.22.8
      '@jimp/utils': 0.22.8
    dev: false

  /@jimp/plugin-flip@0.22.8(@jimp/custom@0.22.8)(@jimp/plugin-rotate@0.22.8):
    resolution: {integrity: sha512-0NFTNzjsdmOQkaIkNjZqO3/yU4SQb9nnWQXsLS1fFo+9QrIL5v8vVkXpk/rhiND6PyTj2mMTNjOa76GuZcC+iQ==}
    peerDependencies:
      '@jimp/custom': '>=0.3.5'
      '@jimp/plugin-rotate': '>=0.3.5'
    dependencies:
      '@jimp/custom': 0.22.8
      '@jimp/plugin-rotate': 0.22.8(@jimp/custom@0.22.8)(@jimp/plugin-blit@0.22.8)(@jimp/plugin-crop@0.22.8)(@jimp/plugin-resize@0.22.8)
      '@jimp/utils': 0.22.8
    dev: false

  /@jimp/plugin-gaussian@0.22.8(@jimp/custom@0.22.8):
    resolution: {integrity: sha512-E/f14aLzCS50QAM7K+InI9V61KVy/Zx52vy7Jjfo1h7qKhQHss3PYaydaH0N6qlXRNeXgh+4/32P9JfieLMcdw==}
    peerDependencies:
      '@jimp/custom': '>=0.3.5'
    dependencies:
      '@jimp/custom': 0.22.8
      '@jimp/utils': 0.22.8
    dev: false

  /@jimp/plugin-invert@0.22.8(@jimp/custom@0.22.8):
    resolution: {integrity: sha512-UauP39FF2cwbA5VU+Tz9VlNa9rtULPSHZb0Huwcjqjm9/G/xVN69VJ8+RKiFC4zM1/kYAUp/6IRwPa6qdKJpSw==}
    peerDependencies:
      '@jimp/custom': '>=0.3.5'
    dependencies:
      '@jimp/custom': 0.22.8
      '@jimp/utils': 0.22.8
    dev: false

  /@jimp/plugin-mask@0.22.8(@jimp/custom@0.22.8):
    resolution: {integrity: sha512-bhg5+3i8x1CmYj6cjvPBQZLwZEI3iK3gJWF25ZHF+12d3cqDuJngtr8oRQOQLlAgvKmrj9FXIiEPDczUI9cnWQ==}
    peerDependencies:
      '@jimp/custom': '>=0.3.5'
    dependencies:
      '@jimp/custom': 0.22.8
      '@jimp/utils': 0.22.8
    dev: false

  /@jimp/plugin-normalize@0.22.8(@jimp/custom@0.22.8):
    resolution: {integrity: sha512-Yg5nreAR1JYuSObu3ExlgaLxVeW6VvjVL5qFwiPFxSNlG8JIwL1Ir3K3ChSnnvymyZvJMHb6YKTYNfXKw5Da6g==}
    peerDependencies:
      '@jimp/custom': '>=0.3.5'
    dependencies:
      '@jimp/custom': 0.22.8
      '@jimp/utils': 0.22.8
    dev: false

  /@jimp/plugin-print@0.22.8(@jimp/custom@0.22.8)(@jimp/plugin-blit@0.22.8):
    resolution: {integrity: sha512-86O5ejCDi543IYl0TykSmNWErzAjEYhiAxNQb2F7rFRT38WJYNVsvJ6QhxhDQHKxSmF5iwmqbk0jYk5Wp2Z1kw==}
    peerDependencies:
      '@jimp/custom': '>=0.3.5'
      '@jimp/plugin-blit': '>=0.3.5'
    dependencies:
      '@jimp/custom': 0.22.8
      '@jimp/plugin-blit': 0.22.8(@jimp/custom@0.22.8)
      '@jimp/utils': 0.22.8
      load-bmfont: 1.4.1
    dev: false

  /@jimp/plugin-resize@0.22.8(@jimp/custom@0.22.8):
    resolution: {integrity: sha512-kg8ArQRPqv/iU3DWNXCa8kcVIhoq64Ze0aGCAeFLKlAq/59f5pzAci6m6vV4L/uOVdYmUa9/kYwIFY6RWKpfzQ==}
    peerDependencies:
      '@jimp/custom': '>=0.3.5'
    dependencies:
      '@jimp/custom': 0.22.8
      '@jimp/utils': 0.22.8
    dev: false

  /@jimp/plugin-rotate@0.22.8(@jimp/custom@0.22.8)(@jimp/plugin-blit@0.22.8)(@jimp/plugin-crop@0.22.8)(@jimp/plugin-resize@0.22.8):
    resolution: {integrity: sha512-9a+VPZWMN/Cks76wf8LjM5RVA3ntP9+NAdsS1SZhhXel7U3Re/dWMouIEbo3QTt6K+igRo4txUCdZiw4ZucvkQ==}
    peerDependencies:
      '@jimp/custom': '>=0.3.5'
      '@jimp/plugin-blit': '>=0.3.5'
      '@jimp/plugin-crop': '>=0.3.5'
      '@jimp/plugin-resize': '>=0.3.5'
    dependencies:
      '@jimp/custom': 0.22.8
      '@jimp/plugin-blit': 0.22.8(@jimp/custom@0.22.8)
      '@jimp/plugin-crop': 0.22.8(@jimp/custom@0.22.8)
      '@jimp/plugin-resize': 0.22.8(@jimp/custom@0.22.8)
      '@jimp/utils': 0.22.8
    dev: false

  /@jimp/plugin-scale@0.22.8(@jimp/custom@0.22.8)(@jimp/plugin-resize@0.22.8):
    resolution: {integrity: sha512-dQS4pG6DX6endu8zUpvBBOEtGC+ljDDDNw0scSXY71TxyQdNo5Ro0apfsppjmuAr8rNotRkfyxbITKkXQDRUDQ==}
    peerDependencies:
      '@jimp/custom': '>=0.3.5'
      '@jimp/plugin-resize': '>=0.3.5'
    dependencies:
      '@jimp/custom': 0.22.8
      '@jimp/plugin-resize': 0.22.8(@jimp/custom@0.22.8)
      '@jimp/utils': 0.22.8
    dev: false

  /@jimp/plugin-shadow@0.22.8(@jimp/custom@0.22.8)(@jimp/plugin-blur@0.22.8)(@jimp/plugin-resize@0.22.8):
    resolution: {integrity: sha512-HyAhr7OblTQh+BoKHQg4qbS9MweNlH77yfpBqUEyDtfyjI5r06+5chf1ZdLRIPEWv/BdCfdI/g81Wv69muCMwA==}
    peerDependencies:
      '@jimp/custom': '>=0.3.5'
      '@jimp/plugin-blur': '>=0.3.5'
      '@jimp/plugin-resize': '>=0.3.5'
    dependencies:
      '@jimp/custom': 0.22.8
      '@jimp/plugin-blur': 0.22.8(@jimp/custom@0.22.8)
      '@jimp/plugin-resize': 0.22.8(@jimp/custom@0.22.8)
      '@jimp/utils': 0.22.8
    dev: false

  /@jimp/plugin-threshold@0.22.8(@jimp/custom@0.22.8)(@jimp/plugin-color@0.22.8)(@jimp/plugin-resize@0.22.8):
    resolution: {integrity: sha512-ZmkfH0PtjvF1UcKsjw0H7V6r+LC0yKzEfg76Jhs2nIqIgsxsSOVfHwS7z0/1IWnyXxSw36m+NjCAotNHRILGmA==}
    peerDependencies:
      '@jimp/custom': '>=0.3.5'
      '@jimp/plugin-color': '>=0.8.0'
      '@jimp/plugin-resize': '>=0.8.0'
    dependencies:
      '@jimp/custom': 0.22.8
      '@jimp/plugin-color': 0.22.8(@jimp/custom@0.22.8)
      '@jimp/plugin-resize': 0.22.8(@jimp/custom@0.22.8)
      '@jimp/utils': 0.22.8
    dev: false

  /@jimp/plugins@0.22.8(@jimp/custom@0.22.8):
    resolution: {integrity: sha512-ieI2+kCpmIfjwVlT7B67ULCzxMizfj7LspJh9HnIZCDXQB9GBOZ9KImLYc75Krae0dP/3FR7FglLiSI7fkOHbw==}
    peerDependencies:
      '@jimp/custom': '>=0.3.5'
    dependencies:
      '@jimp/custom': 0.22.8
      '@jimp/plugin-blit': 0.22.8(@jimp/custom@0.22.8)
      '@jimp/plugin-blur': 0.22.8(@jimp/custom@0.22.8)
      '@jimp/plugin-circle': 0.22.8(@jimp/custom@0.22.8)
      '@jimp/plugin-color': 0.22.8(@jimp/custom@0.22.8)
      '@jimp/plugin-contain': 0.22.8(@jimp/custom@0.22.8)(@jimp/plugin-blit@0.22.8)(@jimp/plugin-resize@0.22.8)(@jimp/plugin-scale@0.22.8)
      '@jimp/plugin-cover': 0.22.8(@jimp/custom@0.22.8)(@jimp/plugin-crop@0.22.8)(@jimp/plugin-resize@0.22.8)(@jimp/plugin-scale@0.22.8)
      '@jimp/plugin-crop': 0.22.8(@jimp/custom@0.22.8)
      '@jimp/plugin-displace': 0.22.8(@jimp/custom@0.22.8)
      '@jimp/plugin-dither': 0.22.8(@jimp/custom@0.22.8)
      '@jimp/plugin-fisheye': 0.22.8(@jimp/custom@0.22.8)
      '@jimp/plugin-flip': 0.22.8(@jimp/custom@0.22.8)(@jimp/plugin-rotate@0.22.8)
      '@jimp/plugin-gaussian': 0.22.8(@jimp/custom@0.22.8)
      '@jimp/plugin-invert': 0.22.8(@jimp/custom@0.22.8)
      '@jimp/plugin-mask': 0.22.8(@jimp/custom@0.22.8)
      '@jimp/plugin-normalize': 0.22.8(@jimp/custom@0.22.8)
      '@jimp/plugin-print': 0.22.8(@jimp/custom@0.22.8)(@jimp/plugin-blit@0.22.8)
      '@jimp/plugin-resize': 0.22.8(@jimp/custom@0.22.8)
      '@jimp/plugin-rotate': 0.22.8(@jimp/custom@0.22.8)(@jimp/plugin-blit@0.22.8)(@jimp/plugin-crop@0.22.8)(@jimp/plugin-resize@0.22.8)
      '@jimp/plugin-scale': 0.22.8(@jimp/custom@0.22.8)(@jimp/plugin-resize@0.22.8)
      '@jimp/plugin-shadow': 0.22.8(@jimp/custom@0.22.8)(@jimp/plugin-blur@0.22.8)(@jimp/plugin-resize@0.22.8)
      '@jimp/plugin-threshold': 0.22.8(@jimp/custom@0.22.8)(@jimp/plugin-color@0.22.8)(@jimp/plugin-resize@0.22.8)
      timm: 1.7.1
    dev: false

  /@jimp/png@0.22.8(@jimp/custom@0.22.8):
    resolution: {integrity: sha512-XOj11kcCr8zKg24QSwlRfH9k4hbV6rkMGUVxMS3puRzzB0FBSQy42NBYEfYf2XlY2QJSAByPl4AYerOtKb805w==}
    peerDependencies:
      '@jimp/custom': '>=0.3.5'
    dependencies:
      '@jimp/custom': 0.22.8
      '@jimp/utils': 0.22.8
      pngjs: 6.0.0
    dev: false

  /@jimp/tiff@0.22.8(@jimp/custom@0.22.8):
    resolution: {integrity: sha512-K0hYUVW5MLgwq3jiHVHa6LvP05J1rXOlRCC+5dMTUnAXVwi45+MKsqA/8lzzwhHYJ65CNhZwy6D3+ZNzM9SIBQ==}
    peerDependencies:
      '@jimp/custom': '>=0.3.5'
    dependencies:
      '@jimp/custom': 0.22.8
      utif2: 4.1.0
    dev: false

  /@jimp/types@0.22.8(@jimp/custom@0.22.8):
    resolution: {integrity: sha512-9+xc+mzuYwu0i+6dsnhXiUgfcS+Ktqn5q2jczoKyyBT0cOKgsk+57EIeFLgpTfVGRKRR0y/UIdHByeCzGguF3A==}
    peerDependencies:
      '@jimp/custom': '>=0.3.5'
    dependencies:
      '@jimp/bmp': 0.22.8(@jimp/custom@0.22.8)
      '@jimp/custom': 0.22.8
      '@jimp/gif': 0.22.8(@jimp/custom@0.22.8)
      '@jimp/jpeg': 0.22.8(@jimp/custom@0.22.8)
      '@jimp/png': 0.22.8(@jimp/custom@0.22.8)
      '@jimp/tiff': 0.22.8(@jimp/custom@0.22.8)
      timm: 1.7.1
    dev: false

  /@jimp/utils@0.22.8:
    resolution: {integrity: sha512-AaqjfqDeLzSFzrbGRKHMXg/ntiWKvoG9tpVgWzgOx5/gPWj/IyGfztojLTTvY8HqZCr25z8z91u2lAQD2v46Jw==}
    dependencies:
      regenerator-runtime: 0.13.11
    dev: false

  /@sapphire/async-queue@1.5.0:
    resolution: {integrity: sha512-JkLdIsP8fPAdh9ZZjrbHWR/+mZj0wvKS5ICibcLrRI1j84UmLMshx5n9QmL8b95d4onJ2xxiyugTgSAX7AalmA==}
    engines: {node: '>=v14.0.0', npm: '>=7.0.0'}
    dev: false

  /@sapphire/shapeshift@3.9.0:
    resolution: {integrity: sha512-iJpHmjAdwX9aSL6MvFpVyo+tkokDtInmSjoJHbz/k4VJfnim3DjvG0hgGEKWtWZgCu45RaLgcoNgR1fCPdIz3w==}
    engines: {node: '>=v14.0.0', npm: '>=7.0.0'}
    dependencies:
      fast-deep-equal: 3.1.3
      lodash: 4.17.21
    dev: false

  /@sapphire/snowflake@3.5.1:
    resolution: {integrity: sha512-BxcYGzgEsdlG0dKAyOm0ehLGm2CafIrfQTZGWgkfKYbj+pNNsorZ7EotuZukc2MT70E0UbppVbtpBrqpzVzjNA==}
    engines: {node: '>=v14.0.0', npm: '>=7.0.0'}
    dev: false

  /@tokenizer/token@0.3.0:
    resolution: {integrity: sha512-OvjF+z51L3ov0OyAU0duzsYuvO01PH7x4t6DJx+guahgTnBHkhJdG7soQeTSFLWN3efnHyibZ4Z8l2EuWwJN3A==}
    dev: false

  /@types/node@16.9.1:
    resolution: {integrity: sha512-QpLcX9ZSsq3YYUUnD3nFDY8H7wctAhQj/TFKL8Ya8v5fMm3CFXxo8zStsLAl780ltoYoo1WvKUVGBQK+1ifr7g==}
    dev: false

  /@types/node@18.15.11:
    resolution: {integrity: sha512-E5Kwq2n4SbMzQOn6wnmBjuK9ouqlURrcZDVfbo9ftDDTFt3nk7ZKK4GMOzoYgnpQJKcxwQw+lGaBvvlMo0qN/Q==}
    dev: false

  /@types/webidl-conversions@7.0.0:
    resolution: {integrity: sha512-xTE1E+YF4aWPJJeUzaZI5DRntlkY3+BCVJi0axFptnjGmAoWxkyREIh/XMrfxVLejwQxMCfDXdICo0VLxThrog==}
    dev: false

  /@types/whatwg-url@8.2.2:
    resolution: {integrity: sha512-FtQu10RWgn3D9U4aazdwIE2yzphmTJREDqNdODHrbrZmmMqI0vMheC/6NE/J1Yveaj8H+ela+YwWTjq5PGmuhA==}
    dependencies:
      '@types/node': 18.15.11
      '@types/webidl-conversions': 7.0.0
    dev: false

  /@types/ws@8.5.4:
    resolution: {integrity: sha512-zdQDHKUgcX/zBc4GrwsE/7dVdAD8JR4EuiAXiiUhhfyIJXXb2+PrGshFyeXWQPMmmZ2XxgaqclgpIC7eTXc1mg==}
    dependencies:
      '@types/node': 18.15.11
    dev: false

  /@vladfrangu/async_event_emitter@2.2.2:
    resolution: {integrity: sha512-HIzRG7sy88UZjBJamssEczH5q7t5+axva19UbZLO6u0ySbYPrwzWiXBcC0WuHyhKKoeCyneH+FvYzKQq/zTtkQ==}
    engines: {node: '>=v14.0.0', npm: '>=7.0.0'}
    dev: false

  /abort-controller@3.0.0:
    resolution: {integrity: sha512-h8lQ8tacZYnR3vNQTgibj+tODHI5/+l06Au2Pcriv/Gmet0eaj4TwWH41sO9wnHDiQsEj19q0drzdWdeAHtweg==}
    engines: {node: '>=6.5'}
    dependencies:
      event-target-shim: 5.0.1
    dev: false

  /any-base@1.1.0:
    resolution: {integrity: sha512-uMgjozySS8adZZYePpaWs8cxB9/kdzmpX6SgJZ+wbz1K5eYk5QMYDVJaZKhxyIHUdnnJkfR7SVgStgH7LkGUyg==}
    dev: false

  /async-mutex@0.3.2:
    resolution: {integrity: sha512-HuTK7E7MT7jZEh1P9GtRW9+aTWiDWWi9InbZ5hjxrnRa39KS4BW04+xLBhYNS2aXhHUIKZSw3gj4Pn1pj+qGAA==}
    dependencies:
      tslib: 2.5.0
    dev: false

  /base64-js@1.5.1:
    resolution: {integrity: sha512-AKpaYlHn8t4SVbOHCy+b5+KKgvR4vrsD8vbvrbiQJps7fKDTkjkDry6ji0rUJjC0kzbNePLwzxq8iypo41qeWA==}
    dev: false

  /big-integer@1.6.51:
    resolution: {integrity: sha512-GPEid2Y9QU1Exl1rpO9B2IPJGHPSupF5GnVIP0blYvNOMer2bTvSWs1jGOUg04hTmu67nmLsQ9TBo1puaotBHg==}
    engines: {node: '>=0.6'}
    dev: false

  /bmp-js@0.1.0:
    resolution: {integrity: sha512-vHdS19CnY3hwiNdkaqk93DvjVLfbEcI8mys4UjuWrlX1haDmroo8o4xCzh4wD6DGV6HxRCyauwhHRqMTfERtjw==}
    dev: false

  /bson@5.3.0:
    resolution: {integrity: sha512-ukmCZMneMlaC5ebPHXIkP8YJzNl5DC41N5MAIvKDqLggdao342t4McltoJBQfQya/nHBWAcSsYRqlXPoQkTJag==}
    engines: {node: '>=14.20.1'}
    dev: false

  /buffer-alloc-unsafe@1.1.0:
    resolution: {integrity: sha512-TEM2iMIEQdJ2yjPJoSIsldnleVaAk1oW3DBVUykyOLsEsFmEc9kn+SFFPz+gl54KQNxlDnAwCXosOS9Okx2xAg==}
    dev: false

  /buffer-alloc@1.2.0:
    resolution: {integrity: sha512-CFsHQgjtW1UChdXgbyJGtnm+O/uLQeZdtbDo8mfUgYXCHSM1wgrVxXm6bSyrUuErEb+4sYVGCzASBRot7zyrow==}
    dependencies:
      buffer-alloc-unsafe: 1.1.0
      buffer-fill: 1.0.0
    dev: false

  /buffer-equal@0.0.1:
    resolution: {integrity: sha512-RgSV6InVQ9ODPdLWJ5UAqBqJBOg370Nz6ZQtRzpt6nUjc8v0St97uJ4PYC6NztqIScrAXafKM3mZPMygSe1ggA==}
    engines: {node: '>=0.4.0'}
    dev: false

  /buffer-fill@1.0.0:
    resolution: {integrity: sha512-T7zexNBwiiaCOGDg9xNX9PBmjrubblRkENuptryuI64URkXDFum9il/JGL8Lm8wYfAXpredVXXZz7eMHilimiQ==}
    dev: false

  /buffer@5.7.1:
    resolution: {integrity: sha512-EHcyIPBQ4BSGlvjB16k5KgAJ27CIsHY/2JBmCRReo48y9rQ3MaUzWX3KVlBa4U7MyX02HdVj0K7C3WaB3ju7FQ==}
    dependencies:
      base64-js: 1.5.1
      ieee754: 1.2.1
    dev: false

  /buffer@6.0.3:
    resolution: {integrity: sha512-FTiCpNxtwiZZHEZbcbTIcZjERVICn9yq/pDFkTl95/AxzD1naBctN7YO68riM/gLSDY7sdrMby8hofADYuuqOA==}
    dependencies:
      base64-js: 1.5.1
      ieee754: 1.2.1
    dev: false

  /bufferutil@4.0.7:
    resolution: {integrity: sha512-kukuqc39WOHtdxtw4UScxF/WVnMFVSQVKhtx3AjZJzhd0RGZZldcrfSEbVsWWe6KNH253574cq5F+wpv0G9pJw==}
    engines: {node: '>=6.14.2'}
    requiresBuild: true
    dependencies:
      node-gyp-build: 4.6.0
    dev: false

  /busboy@1.6.0:
    resolution: {integrity: sha512-8SFQbg/0hQ9xy3UNTB0YEnsNBbWfhf7RtnzpL7TkBiTBRfrQ9Fxcnz7VJsleJpyp6rVLvXiuORqjlHi5q+PYuA==}
    engines: {node: '>=10.16.0'}
    dependencies:
      streamsearch: 1.1.0
    dev: false

  /chalk@5.2.0:
    resolution: {integrity: sha512-ree3Gqw/nazQAPuJJEy+avdl7QfZMcUvmHIKgEZkGL+xOBzRvup5Hxo6LHuMceSxOabuJLJm5Yp/92R9eMmMvA==}
    engines: {node: ^12.17.0 || ^14.13 || >=16.0.0}
    dev: false

  /d@1.0.1:
    resolution: {integrity: sha512-m62ShEObQ39CfralilEQRjH6oAMtNCV1xJyEx5LpRYUVN+EviphDgUc/F3hnYbADmkiNs67Y+3ylmlG7Lnu+FA==}
    dependencies:
      es5-ext: 0.10.62
      type: 1.2.0
    dev: false

  /debug@2.6.9:
    resolution: {integrity: sha512-bC7ElrdJaJnPbAP+1EotYvqZsb3ecl5wi6Bfi6BJTUcNowp6cvspg0jXznRTKDjm/E7AdgFBVeAPVMNcKGsHMA==}
    peerDependencies:
      supports-color: '*'
    peerDependenciesMeta:
      supports-color:
        optional: true
    dependencies:
      ms: 2.0.0
    dev: false

  /debug@4.3.4:
    resolution: {integrity: sha512-PRWFHuSU3eDtQJPvnNY7Jcket1j0t5OuOsFzPPzsekD52Zl8qUfFIPEiswXqIvHWGVHOgX+7G/vCNNhehwxfkQ==}
    engines: {node: '>=6.0'}
    peerDependencies:
      supports-color: '*'
    peerDependenciesMeta:
      supports-color:
        optional: true
    dependencies:
      ms: 2.1.2
    dev: false

  /discord-api-types@0.37.42:
    resolution: {integrity: sha512-1Huaj9cQ1W7/uryS8MZs/tZemnoKB94thM1cE40lep3rpU3q7WHqkdjN/veX0prTkYlPhcyLd/DeF/pBO8X8oQ==}
    dev: false

  /discord.js@14.11.0:
    resolution: {integrity: sha512-CkueWYFQ28U38YPR8HgsBR/QT35oPpMbEsTNM30Fs8loBIhnA4s70AwQEoy6JvLcpWWJO7GY0y2BUzZmuBMepQ==}
    engines: {node: '>=16.9.0'}
    dependencies:
      '@discordjs/builders': 1.6.3
      '@discordjs/collection': 1.5.1
      '@discordjs/formatters': 0.3.1
      '@discordjs/rest': 1.7.1
      '@discordjs/util': 0.3.1
      '@discordjs/ws': 0.8.3
      '@sapphire/snowflake': 3.5.1
      '@types/ws': 8.5.4
      discord-api-types: 0.37.42
      fast-deep-equal: 3.1.3
      lodash.snakecase: 4.1.1
      tslib: 2.5.0
      undici: 5.22.1
      ws: 8.13.0
    transitivePeerDependencies:
      - bufferutil
      - utf-8-validate
    dev: false

  /dom-serializer@1.4.1:
    resolution: {integrity: sha512-VHwB3KfrcOOkelEG2ZOfxqLZdfkil8PtJi4P8N2MMXucZq2yLp75ClViUlOVwyoHEDjYU433Aq+5zWP61+RGag==}
    dependencies:
      domelementtype: 2.3.0
      domhandler: 4.3.1
      entities: 2.2.0
    dev: false

  /dom-walk@0.1.2:
    resolution: {integrity: sha512-6QvTW9mrGeIegrFXdtQi9pk7O/nSK6lSdXW2eqUspN5LWD7UTji2Fqw5V2YLjBpHEoU9Xl/eUWNpDeZvoyOv2w==}
    dev: false

  /domelementtype@2.3.0:
    resolution: {integrity: sha512-OLETBj6w0OsagBwdXnPdN0cnMfF9opN69co+7ZrbfPGrdpPVNBUj02spi6B1N7wChLQiPn4CSH/zJvXw56gmHw==}
    dev: false

  /domhandler@4.3.1:
    resolution: {integrity: sha512-GrwoxYN+uWlzO8uhUXRl0P+kHE4GtVPfYzVLcUxPL7KNdHKj66vvlhiweIHqYYXWlw+T8iLMp42Lm67ghw4WMQ==}
    engines: {node: '>= 4'}
    dependencies:
      domelementtype: 2.3.0
    dev: false

  /domutils@2.8.0:
    resolution: {integrity: sha512-w96Cjofp72M5IIhpjgobBimYEfoPjx1Vx0BSX9P30WBdZW2WIKU0T1Bd0kz2eNZ9ikjKgHbEyKx8BB6H1L3h3A==}
    dependencies:
      dom-serializer: 1.4.1
      domelementtype: 2.3.0
      domhandler: 4.3.1
    dev: false

  /dotenv@16.1.4:
    resolution: {integrity: sha512-m55RtE8AsPeJBpOIFKihEmqUcoVncQIwo7x9U8ZwLEZw9ZpXboz2c+rvog+jUaJvVrZ5kBOeYQBX5+8Aa/OZQw==}
    engines: {node: '>=12'}
    dev: false

  /entities@2.2.0:
    resolution: {integrity: sha512-p92if5Nz619I0w+akJrLZH0MX0Pb5DX39XOwQTtXSdQQOaYH03S1uIQp4mhOZtAXrxq4ViO67YTiLBo2638o9A==}
    dev: false

  /es5-ext@0.10.62:
    resolution: {integrity: sha512-BHLqn0klhEpnOKSrzn/Xsz2UIW8j+cGmo9JLzr8BiUapV8hPL9+FliFqjwr9ngW7jWdnxv6eO+/LqyhJVqgrjA==}
    engines: {node: '>=0.10'}
    requiresBuild: true
    dependencies:
      es6-iterator: 2.0.3
      es6-symbol: 3.1.3
      next-tick: 1.1.0
    dev: false

  /es6-iterator@2.0.3:
    resolution: {integrity: sha512-zw4SRzoUkd+cl+ZoE15A9o1oQd920Bb0iOJMQkQhl3jNc03YqVjAhG7scf9C5KWRU/R13Orf588uCC6525o02g==}
    dependencies:
      d: 1.0.1
      es5-ext: 0.10.62
      es6-symbol: 3.1.3
    dev: false

  /es6-symbol@3.1.3:
    resolution: {integrity: sha512-NJ6Yn3FuDinBaBRWl/q5X/s4koRHBrgKAu+yGI6JCBeiu3qrcbJhwT2GeR/EXVfylRk8dpQVJoLEFhK+Mu31NA==}
    dependencies:
      d: 1.0.1
      ext: 1.7.0
    dev: false

  /event-target-shim@5.0.1:
    resolution: {integrity: sha512-i/2XbnSz/uxRCU6+NdVJgKWDTM427+MqYbkQzD321DuCQJUqOuJKIA0IM2+W2xtYHdKOmZ4dR6fExsd4SXL+WQ==}
    engines: {node: '>=6'}
    dev: false

  /exif-parser@0.1.12:
    resolution: {integrity: sha512-c2bQfLNbMzLPmzQuOr8fy0csy84WmwnER81W88DzTp9CYNPJ6yzOj2EZAh9pywYpqHnshVLHQJ8WzldAyfY+Iw==}
    dev: false

  /ext@1.7.0:
    resolution: {integrity: sha512-6hxeJYaL110a9b5TEJSj0gojyHQAmA2ch5Os+ySCiA1QGdS697XWY1pzsrSjqA9LDEEgdB/KypIlR59RcLuHYw==}
    dependencies:
      type: 2.7.2
    dev: false

  /fast-deep-equal@3.1.3:
    resolution: {integrity: sha512-f3qQ9oQy9j2AhBe/H9VC91wLmKBCCU/gDOnKNAYG5hswO7BLKj09Hc5HYNz9cGI++xlpDCIgDaitVs03ATR84Q==}
    dev: false

  /file-type@16.5.4:
    resolution: {integrity: sha512-/yFHK0aGjFEgDJjEKP0pWCplsPFPhwyfwevf/pVxiN0tmE4L9LmwWxWukdJSHdoCli4VgQLehjJtwQBnqmsKcw==}
    engines: {node: '>=10'}
    dependencies:
      readable-web-to-node-stream: 3.0.2
      strtok3: 6.3.0
      token-types: 4.2.1
    dev: false

  /file-type@18.4.0:
    resolution: {integrity: sha512-o6MQrZKTAK6WpvmQk3jqTVUmqxYBxW5bloUfrdH1ZnRFDvvAPNr+l+rgOxM3nkqWT+3khaj3FRMDydWe0xhu+w==}
    engines: {node: '>=14.16'}
    dependencies:
      readable-web-to-node-stream: 3.0.2
      strtok3: 7.0.0
      token-types: 5.0.1
    dev: false

  /gifwrap@0.9.4:
    resolution: {integrity: sha512-MDMwbhASQuVeD4JKd1fKgNgCRL3fGqMM4WaqpNhWO0JiMOAjbQdumbs4BbBZEy9/M00EHEjKN3HieVhCUlwjeQ==}
    dependencies:
      image-q: 4.0.0
      omggif: 1.0.10
    dev: false

  /global@4.4.0:
    resolution: {integrity: sha512-wv/LAoHdRE3BeTGz53FAamhGlPLhlssK45usmGFThIi4XqnBmjKQ16u+RNbP7WvigRZDxUsM0J3gcQ5yicaL0w==}
    dependencies:
      min-document: 2.19.0
      process: 0.11.10
    dev: false

  /graceful-fs@4.2.11:
    resolution: {integrity: sha512-RbJ5/jmFcNNCcDV5o9eTnBLJ/HszWV0P73bc+Ff4nS/rJj+YaS6IGyiOL0VoBYX+l1Wrl3k63h/KrH+nhJ0XvQ==}
    dev: false

  /htmlparser2@6.1.0:
    resolution: {integrity: sha512-gyyPk6rgonLFEDGoeRgQNaEUvdJ4ktTmmUh/h2t7s+M8oPpIPxgNACWa+6ESR57kXstwqPiCut0V8NRpcwgU7A==}
    dependencies:
      domelementtype: 2.3.0
      domhandler: 4.3.1
      domutils: 2.8.0
      entities: 2.2.0
    dev: false

  /ieee754@1.2.1:
    resolution: {integrity: sha512-dcyqhDvX1C46lXZcVqCpK+FtMRQVdIMN6/Df5js2zouUsqG7I6sFxitIC+7KYK29KdXOLHdu9zL4sFnoVQnqaA==}
    dev: false

  /image-q@4.0.0:
    resolution: {integrity: sha512-PfJGVgIfKQJuq3s0tTDOKtztksibuUEbJQIYT3by6wctQo+Rdlh7ef4evJ5NCdxY4CfMbvFkocEwbl4BF8RlJw==}
    dependencies:
      '@types/node': 16.9.1
    dev: false

  /imurmurhash@0.1.4:
    resolution: {integrity: sha512-JmXMZ6wuvDmLiHEml9ykzqO6lwFbof0GG4IkcGaENdCRDDmMVnny7s5HsIgHCbaq0w2MyPhDqkhTUgS2LU2PHA==}
    engines: {node: '>=0.8.19'}
    dev: false

  /inherits@2.0.4:
    resolution: {integrity: sha512-k/vGaX4/Yla3WzyMCvTQOXYeIHvqOKtnqBduzTHpzpQZzAskKMhZ2K+EnBiSM9zGSoIFeMpXKxa4dYeZIQqewQ==}
    dev: false

  /ip@2.0.0:
    resolution: {integrity: sha512-WKa+XuLG1A1R0UWhl2+1XQSi+fZWMsYKffMZTTYsiZaUD8k2yDAj5atimTUD2TZkyCkNEeYE5NhFZmupOGtjYQ==}
    dev: false

  /is-function@1.0.2:
    resolution: {integrity: sha512-lw7DUp0aWXYg+CBCN+JKkcE0Q2RayZnSvnZBlwgxHBQhqt5pZNVy4Ri7H9GmmXkdu7LUthszM+Tor1u/2iBcpQ==}
    dev: false

  /is-typedarray@1.0.0:
    resolution: {integrity: sha512-cyA56iCMHAh5CdzjJIa4aohJyeO1YbwLi3Jc35MmRU6poroFjIGZzUzupGiRPOjgHg9TLu43xbpwXk523fMxKA==}
    dev: false

  /isomorphic-fetch@3.0.0:
    resolution: {integrity: sha512-qvUtwJ3j6qwsF3jLxkZ72qCgjMysPzDfeV240JHiGZsANBYd+EEuu35v7dfrJ9Up0Ak07D7GGSkGhCHTqg/5wA==}
    dependencies:
      node-fetch: 2.6.9
      whatwg-fetch: 3.6.2
    transitivePeerDependencies:
      - encoding
    dev: false

  /jimp@0.22.8:
    resolution: {integrity: sha512-pBbrooJMX7795sDcxx1XpwNZC8B/ITyDV+JK2/1qNbQl/1UWqWeh5Dq7qQpMZl5jLdcFDv5IVTM+OhpafSqSFA==}
    dependencies:
      '@jimp/custom': 0.22.8
      '@jimp/plugins': 0.22.8(@jimp/custom@0.22.8)
      '@jimp/types': 0.22.8(@jimp/custom@0.22.8)
      regenerator-runtime: 0.13.11
    transitivePeerDependencies:
      - encoding
    dev: false

  /jpeg-js@0.4.4:
    resolution: {integrity: sha512-WZzeDOEtTOBK4Mdsar0IqEU5sMr3vSV2RqkAIzUEV2BHnUfKGyswWFPFwK5EeDo93K3FohSHbLAjj0s1Wzd+dg==}
    dev: false

  /load-bmfont@1.4.1:
    resolution: {integrity: sha512-8UyQoYmdRDy81Brz6aLAUhfZLwr5zV0L3taTQ4hju7m6biuwiWiJXjPhBJxbUQJA8PrkvJ/7Enqmwk2sM14soA==}
    dependencies:
      buffer-equal: 0.0.1
      mime: 1.6.0
      parse-bmfont-ascii: 1.0.6
      parse-bmfont-binary: 1.0.6
      parse-bmfont-xml: 1.1.4
      phin: 2.9.3
      xhr: 2.6.0
      xtend: 4.0.2
    dev: false

  /lodash.snakecase@4.1.1:
    resolution: {integrity: sha512-QZ1d4xoBHYUeuouhEq3lk3Uq7ldgyFXGBhg04+oRLnIz8o9T65Eh+8YdroUwn846zchkA9yDsDl5CVVaV2nqYw==}
    dev: false

  /lodash@4.17.21:
    resolution: {integrity: sha512-v2kDEe57lecTulaDIuNTPy3Ry4gLGJ6Z1O3vE1krgXZNrsQ+LFTGHVxVjcXPs17LhbZVGedAJv8XZ1tvj5FvSg==}
    dev: false

  /memory-pager@1.5.0:
    resolution: {integrity: sha512-ZS4Bp4r/Zoeq6+NLJpP+0Zzm0pR8whtGPf1XExKLJBAczGMnSi3It14OiNCStjQjM6NU1okjQGSxgEZN8eBYKg==}
    dev: false
    optional: true

  /mime@1.6.0:
    resolution: {integrity: sha512-x0Vn8spI+wuJ1O6S7gnbaQg8Pxh4NNHb7KSINmEWKiPE4RKOplvijn+NkmYmmRgP68mc70j2EbeTFRsrswaQeg==}
    engines: {node: '>=4'}
    hasBin: true
    dev: false

  /mime@3.0.0:
    resolution: {integrity: sha512-jSCU7/VB1loIWBZe14aEYHU/+1UMEHoaO7qxCOVJOw9GgH72VAWppxNcjU+x9a2k3GSIBXNKxXQFqRvvZ7vr3A==}
    engines: {node: '>=10.0.0'}
    hasBin: true
    dev: false

  /min-document@2.19.0:
    resolution: {integrity: sha512-9Wy1B3m3f66bPPmU5hdA4DR4PB2OfDU/+GS3yAB7IQozE3tqXaVv2zOjgla7MEGSRv95+ILmOuvhLkOK6wJtCQ==}
    dependencies:
      dom-walk: 0.1.2
    dev: false

  /mkdirp@2.1.6:
    resolution: {integrity: sha512-+hEnITedc8LAtIP9u3HJDFIdcLV2vXP33sqLLIzkv1Db1zO/1OxbvYf0Y1OC/S/Qo5dxHXepofhmxL02PsKe+A==}
    engines: {node: '>=10'}
    hasBin: true
    dev: false

  /mongodb-connection-string-url@2.6.0:
    resolution: {integrity: sha512-WvTZlI9ab0QYtTYnuMLgobULWhokRjtC7db9LtcVfJ+Hsnyr5eo6ZtNAt3Ly24XZScGMelOcGtm7lSn0332tPQ==}
    dependencies:
      '@types/whatwg-url': 8.2.2
      whatwg-url: 11.0.0
    dev: false

  /mongodb@5.6.0:
    resolution: {integrity: sha512-z8qVs9NfobHJm6uzK56XBZF8XwM9H294iRnB7wNjF0SnY93si5HPziIJn+qqvUR5QOff/4L0gCD6SShdR/GtVQ==}
    engines: {node: '>=14.20.1'}
    peerDependencies:
      '@aws-sdk/credential-providers': ^3.201.0
      mongodb-client-encryption: '>=2.3.0 <3'
      snappy: ^7.2.2
    peerDependenciesMeta:
      '@aws-sdk/credential-providers':
        optional: true
      mongodb-client-encryption:
        optional: true
      snappy:
        optional: true
    dependencies:
      bson: 5.3.0
      mongodb-connection-string-url: 2.6.0
      socks: 2.7.1
    optionalDependencies:
      saslprep: 1.0.3
    dev: false

  /mri@1.2.0:
    resolution: {integrity: sha512-tzzskb3bG8LvYGFF/mDTpq3jpI6Q9wc3LEmBaghu+DdCssd1FakN7Bc0hVNmEyGq1bq3RgfkCb3cmQLpNPOroA==}
    engines: {node: '>=4'}
    dev: false

  /ms@2.0.0:
    resolution: {integrity: sha512-Tpp60P6IUJDTuOq/5Z8cdskzJujfwqfOTkrwIwj7IRISpnkJnT6SyJ4PCPnGMoFjC9ddhal5KVIYtAt97ix05A==}
    dev: false

  /ms@2.1.2:
    resolution: {integrity: sha512-sGkPx+VjMtmA6MX27oA4FBFELFCZZ4S4XqeGOXCv68tT+jb3vk/RyaKWP0PTKyWtmLSM0b+adUTEvbs1PEaH2w==}
    dev: false

  /next-tick@1.1.0:
    resolution: {integrity: sha512-CXdUiJembsNjuToQvxayPZF9Vqht7hewsvy2sOWafLvi2awflj9mOC6bHIg50orX8IJvWKY9wYQ/zB2kogPslQ==}
    dev: false

  /node-fetch@2.6.9:
    resolution: {integrity: sha512-DJm/CJkZkRjKKj4Zi4BsKVZh3ValV5IR5s7LVZnW+6YMh0W1BfNA8XSs6DLMGYlId5F3KnA70uu2qepcR08Qqg==}
    engines: {node: 4.x || >=6.0.0}
    peerDependencies:
      encoding: ^0.1.0
    peerDependenciesMeta:
      encoding:
        optional: true
    dependencies:
      whatwg-url: 5.0.0
    dev: false

  /node-gyp-build@4.6.0:
    resolution: {integrity: sha512-NTZVKn9IylLwUzaKjkas1e4u2DLNcV4rdYagA4PWdPwW87Bi7z+BznyKSRwS/761tV/lzCGXplWsiaMjLqP2zQ==}
    hasBin: true
    dev: false

  /node-localstorage@2.2.1:
    resolution: {integrity: sha512-vv8fJuOUCCvSPjDjBLlMqYMHob4aGjkmrkaE42/mZr0VT+ZAU10jRF8oTnX9+pgU9/vYJ8P7YT3Vd6ajkmzSCw==}
    engines: {node: '>=0.12'}
    dependencies:
      write-file-atomic: 1.3.4
    dev: false

  /omggif@1.0.10:
    resolution: {integrity: sha512-LMJTtvgc/nugXj0Vcrrs68Mn2D1r0zf630VNtqtpI1FEO7e+O9FP4gqs9AcnBaSEeoHIPm28u6qgPR0oyEpGSw==}
    dev: false

  /p-timeout@4.1.0:
    resolution: {integrity: sha512-+/wmHtzJuWii1sXn3HCuH/FTwGhrp4tmJTxSKJbfS+vkipci6osxXM5mY0jUiRzWKMTgUT8l7HFbeSwZAynqHw==}
    engines: {node: '>=10'}
    dev: false

  /pako@1.0.11:
    resolution: {integrity: sha512-4hLB8Py4zZce5s4yd9XzopqwVv/yGNhV1Bl8NTmCq1763HeK2+EwVTv+leGeL13Dnh2wfbqowVPXCIO0z4taYw==}
    dev: false

  /pako@2.1.0:
    resolution: {integrity: sha512-w+eufiZ1WuJYgPXbV/PO3NCMEc3xqylkKHzp8bxp1uW4qaSNQUkwmLLEc3kKsfz8lpV1F8Ht3U1Cm+9Srog2ug==}
    dev: false

  /parse-bmfont-ascii@1.0.6:
    resolution: {integrity: sha512-U4RrVsUFCleIOBsIGYOMKjn9PavsGOXxbvYGtMOEfnId0SVNsgehXh1DxUdVPLoxd5mvcEtvmKs2Mmf0Mpa1ZA==}
    dev: false

  /parse-bmfont-binary@1.0.6:
    resolution: {integrity: sha512-GxmsRea0wdGdYthjuUeWTMWPqm2+FAd4GI8vCvhgJsFnoGhTrLhXDDupwTo7rXVAgaLIGoVHDZS9p/5XbSqeWA==}
    dev: false

  /parse-bmfont-xml@1.1.4:
    resolution: {integrity: sha512-bjnliEOmGv3y1aMEfREMBJ9tfL3WR0i0CKPj61DnSLaoxWR3nLrsQrEbCId/8rF4NyRF0cCqisSVXyQYWM+mCQ==}
    dependencies:
      xml-parse-from-string: 1.0.1
      xml2js: 0.4.23
    dev: false

  /parse-headers@2.0.5:
    resolution: {integrity: sha512-ft3iAoLOB/MlwbNXgzy43SWGP6sQki2jQvAyBg/zDFAgr9bfNWZIUj42Kw2eJIl8kEi4PbgE6U1Zau/HwI75HA==}
    dev: false

  /path-browserify@1.0.1:
    resolution: {integrity: sha512-b7uo2UCUOYZcnF/3ID0lulOJi/bafxa1xPe7ZPsammBSpjSWQkjNxlt635YGS2MiR9GjvuXCtz2emr3jbsz98g==}
    dev: false

  /peek-readable@4.1.0:
    resolution: {integrity: sha512-ZI3LnwUv5nOGbQzD9c2iDG6toheuXSZP5esSHBjopsXH4dg19soufvpUGA3uohi5anFtGb2lhAVdHzH6R/Evvg==}
    engines: {node: '>=8'}
    dev: false

  /peek-readable@5.0.0:
    resolution: {integrity: sha512-YtCKvLUOvwtMGmrniQPdO7MwPjgkFBtFIrmfSbYmYuq3tKDV/mcfAhBth1+C3ru7uXIZasc/pHnb+YDYNkkj4A==}
    engines: {node: '>=14.16'}
    dev: false

  /phin@2.9.3:
    resolution: {integrity: sha512-CzFr90qM24ju5f88quFC/6qohjC144rehe5n6DH900lgXmUe86+xCKc10ev56gRKC4/BkHUoG4uSiQgBiIXwDA==}
    dev: false

  /pixelmatch@4.0.2:
    resolution: {integrity: sha512-J8B6xqiO37sU/gkcMglv6h5Jbd9xNER7aHzpfRdNmV4IbQBzBpe4l9XmbG+xPF/znacgu2jfEw+wHffaq/YkXA==}
    hasBin: true
    dependencies:
      pngjs: 3.4.0
    dev: false

  /pngjs@3.4.0:
    resolution: {integrity: sha512-NCrCHhWmnQklfH4MtJMRjZ2a8c80qXeMlQMv2uVp9ISJMTt562SbGd6n2oq0PaPgKm7Z6pL9E2UlLIhC+SHL3w==}
    engines: {node: '>=4.0.0'}
    dev: false

  /pngjs@6.0.0:
    resolution: {integrity: sha512-TRzzuFRRmEoSW/p1KVAmiOgPco2Irlah+bGFCeNfJXxxYGwSw7YwAOAcd7X28K/m5bjBWKsC29KyoMfHbypayg==}
    engines: {node: '>=12.13.0'}
    dev: false

  /process@0.11.10:
    resolution: {integrity: sha512-cdGef/drWFoydD1JsMzuFf8100nZl+GT+yacc2bEced5f9Rjk4z+WtFUTBu9PhOi9j/jfmBPu0mMEY4wIdAF8A==}
    engines: {node: '>= 0.6.0'}
    dev: false

  /punycode@2.3.0:
    resolution: {integrity: sha512-rRV+zQD8tVFys26lAGR9WUuS4iUAngJScM+ZRSKtvl5tKeZ2t5bvdNFdNHBW9FWR4guGHlgmsZ1G7BSm2wTbuA==}
    engines: {node: '>=6'}
    dev: false

  /readable-stream@3.6.2:
    resolution: {integrity: sha512-9u/sniCrY3D5WdsERHzHE4G2YCXqoG5FTHUiCC4SIbr6XcLZBY05ya9EKjYek9O5xOAwjGq+1JdGBAS7Q9ScoA==}
    engines: {node: '>= 6'}
    dependencies:
      inherits: 2.0.4
      string_decoder: 1.3.0
      util-deprecate: 1.0.2
    dev: false

  /readable-web-to-node-stream@3.0.2:
    resolution: {integrity: sha512-ePeK6cc1EcKLEhJFt/AebMCLL+GgSKhuygrZ/GLaKZYEecIgIECf4UaUuaByiGtzckwR4ain9VzUh95T1exYGw==}
    engines: {node: '>=8'}
    dependencies:
      readable-stream: 3.6.2
    dev: false

  /real-cancellable-promise@1.2.0:
    resolution: {integrity: sha512-FYhmx1FVSgoPRjneoTjh+EKZcNb8ijl/dyatTzase5eujYhVrLNDOiIY6AgQq7GU1kOoLgEd9jLVbhFg8k8dOQ==}
    dev: false

  /regenerator-runtime@0.13.11:
    resolution: {integrity: sha512-kY1AZVr2Ra+t+piVaJ4gxaFaReZVH40AKNo7UCX6W+dEwBo/2oZJzqfuN1qLq1oL45o56cPaTXELwrTh8Fpggg==}
    dev: false

  /safe-buffer@5.2.1:
    resolution: {integrity: sha512-rp3So07KcdmmKbGvgaNxQSJr7bGVSVk5S9Eq1F+ppbRo70+YeaDxkw5Dd8NPN+GD6bjnYm2VuPuCXmpuYvmCXQ==}
    dev: false

  /safe-compare@1.1.4:
    resolution: {integrity: sha512-b9wZ986HHCo/HbKrRpBJb2kqXMK9CEWIE1egeEvZsYn69ay3kdfl9nG3RyOcR+jInTDf7a86WQ1d4VJX7goSSQ==}
    dependencies:
      buffer-alloc: 1.2.0
    dev: false

  /sandwich-stream@2.0.2:
    resolution: {integrity: sha512-jLYV0DORrzY3xaz/S9ydJL6Iz7essZeAfnAavsJ+zsJGZ1MOnsS52yRjU3uF3pJa/lla7+wisp//fxOwOH8SKQ==}
    engines: {node: '>= 0.10'}
    dev: false

  /saslprep@1.0.3:
    resolution: {integrity: sha512-/MY/PEMbk2SuY5sScONwhUDsV2p77Znkb/q3nSVstq/yQzYJOH/Azh29p9oJLsl3LnQwSvZDKagDGBsBwSooag==}
    engines: {node: '>=6'}
    requiresBuild: true
    dependencies:
      sparse-bitfield: 3.0.3
    dev: false
    optional: true

  /sax@1.2.4:
    resolution: {integrity: sha512-NqVDv9TpANUjFm0N8uM5GxL36UgKi9/atZw+x7YFnQ8ckwFGKrl4xX4yWtrey3UJm5nP1kUbnYgLopqWNSRhWw==}
    dev: false

  /slide@1.1.6:
    resolution: {integrity: sha512-NwrtjCg+lZoqhFU8fOwl4ay2ei8PaqCBOUV3/ektPY9trO1yQ1oXEfmHAhKArUVUr/hOHvy5f6AdP17dCM0zMw==}
    dev: false

  /smart-buffer@4.2.0:
    resolution: {integrity: sha512-94hK0Hh8rPqQl2xXc3HsaBoOXKV20MToPkcXvwbISWLEs+64sBq5kFgn2kJDHb1Pry9yrP0dxrCI9RRci7RXKg==}
    engines: {node: '>= 6.0.0', npm: '>= 3.0.0'}
    dev: false

  /socks@2.7.1:
    resolution: {integrity: sha512-7maUZy1N7uo6+WVEX6psASxtNlKaNVMlGQKkG/63nEDdLOWNbiUMoLK7X4uYoLhQstau72mLgfEWcXcwsaHbYQ==}
    engines: {node: '>= 10.13.0', npm: '>= 3.0.0'}
    dependencies:
      ip: 2.0.0
      smart-buffer: 4.2.0
    dev: false

  /sparse-bitfield@3.0.3:
    resolution: {integrity: sha512-kvzhi7vqKTfkh0PZU+2D2PIllw2ymqJKujUcyPMd9Y75Nv4nPbGJZXNhxsgdQab2BmlDct1YnfQCguEvHr7VsQ==}
    dependencies:
      memory-pager: 1.5.0
    dev: false
    optional: true

  /store2@2.14.2:
    resolution: {integrity: sha512-siT1RiqlfQnGqgT/YzXVUNsom9S0H1OX+dpdGN1xkyYATo4I6sep5NmsRD/40s3IIOvlCq6akxkqG82urIZW1w==}
    dev: false

  /streamsearch@1.1.0:
    resolution: {integrity: sha512-Mcc5wHehp9aXz1ax6bZUyY5afg9u2rv5cqQI3mRrYkGC8rW2hM02jWuwjtL++LS5qinSyhj2QfLyNsuc+VsExg==}
    engines: {node: '>=10.0.0'}
    dev: false

  /string_decoder@1.3.0:
    resolution: {integrity: sha512-hkRX8U1WjJFd8LsDJ2yQ/wWWxaopEsABU1XfkM8A+j0+85JAGppt16cr1Whg6KIbb4okU6Mql6BOj+uup/wKeA==}
    dependencies:
      safe-buffer: 5.2.1
    dev: false

  /strtok3@6.3.0:
    resolution: {integrity: sha512-fZtbhtvI9I48xDSywd/somNqgUHl2L2cstmXCCif0itOf96jeW18MBSyrLuNicYQVkvpOxkZtkzujiTJ9LW5Jw==}
    engines: {node: '>=10'}
    dependencies:
      '@tokenizer/token': 0.3.0
      peek-readable: 4.1.0
    dev: false

  /strtok3@7.0.0:
    resolution: {integrity: sha512-pQ+V+nYQdC5H3Q7qBZAz/MO6lwGhoC2gOAjuouGf/VO0m7vQRh8QNMl2Uf6SwAtzZ9bOw3UIeBukEGNJl5dtXQ==}
    engines: {node: '>=14.16'}
    dependencies:
      '@tokenizer/token': 0.3.0
      peek-readable: 5.0.0
    dev: false

  /telegraf@4.12.2:
    resolution: {integrity: sha512-PgwqI4wD86cMqVfFtEM9JkGGnMHgvgLJbReZMmwW4z35QeOi4DvbdItONld4bPnYn3A1jcO0SRKs0BXmR+x+Ew==}
    engines: {node: ^12.20.0 || >=14.13.1}
    hasBin: true
    dependencies:
      abort-controller: 3.0.0
      debug: 4.3.4
      mri: 1.2.0
      node-fetch: 2.6.9
      p-timeout: 4.1.0
      safe-compare: 1.1.4
      sandwich-stream: 2.0.2
      typegram: 4.3.0
    transitivePeerDependencies:
      - encoding
      - supports-color
    dev: false

  /telegram@2.17.4:
    resolution: {integrity: sha512-HSDXvY5aZ1Uo2H3d1lyJUifGRkI6qlizAfLm5drlbHoy4DKG+J3+QoGhtlOqxxH/03jcT1e6maEWzJxzqXaSLA==}
    dependencies:
      '@cryptography/aes': 0.1.1
      async-mutex: 0.3.2
      big-integer: 1.6.51
      buffer: 6.0.3
      htmlparser2: 6.1.0
      mime: 3.0.0
      node-localstorage: 2.2.1
      pako: 2.1.0
      path-browserify: 1.0.1
      real-cancellable-promise: 1.2.0
      socks: 2.7.1
      store2: 2.14.2
      ts-custom-error: 3.3.1
      websocket: 1.0.34
    optionalDependencies:
      bufferutil: 4.0.7
      utf-8-validate: 5.0.10
    transitivePeerDependencies:
      - supports-color
    dev: false

  /timm@1.7.1:
    resolution: {integrity: sha512-IjZc9KIotudix8bMaBW6QvMuq64BrJWFs1+4V0lXwWGQZwH+LnX87doAYhem4caOEusRP9/g6jVDQmZ8XOk1nw==}
    dev: false

  /tinycolor2@1.6.0:
    resolution: {integrity: sha512-XPaBkWQJdsf3pLKJV9p4qN/S+fm2Oj8AIPo1BTUhg5oxkvm9+SVEGFdhyOz7tTdUTfvxMiAs4sp6/eZO2Ew+pw==}
    dev: false

  /token-types@4.2.1:
    resolution: {integrity: sha512-6udB24Q737UD/SDsKAHI9FCRP7Bqc9D/MQUV02ORQg5iskjtLJlZJNdN4kKtcdtwCeWIwIHDGaUsTsCCAa8sFQ==}
    engines: {node: '>=10'}
    dependencies:
      '@tokenizer/token': 0.3.0
      ieee754: 1.2.1
    dev: false

  /token-types@5.0.1:
    resolution: {integrity: sha512-Y2fmSnZjQdDb9W4w4r1tswlMHylzWIeOKpx0aZH9BgGtACHhrk3OkT52AzwcuqTRBZtvvnTjDBh8eynMulu8Vg==}
    engines: {node: '>=14.16'}
    dependencies:
      '@tokenizer/token': 0.3.0
      ieee754: 1.2.1
    dev: false

  /tr46@0.0.3:
    resolution: {integrity: sha512-N3WMsuqV66lT30CrXNbEjx4GEwlow3v6rr4mCcv6prnfwhS01rkgyFdjPNBYd9br7LpXV1+Emh01fHnq2Gdgrw==}
    dev: false

  /tr46@3.0.0:
    resolution: {integrity: sha512-l7FvfAHlcmulp8kr+flpQZmVwtu7nfRV7NZujtN0OqES8EL4O4e0qqzL0DC5gAvx/ZC/9lk6rhcUwYvkBnBnYA==}
    engines: {node: '>=12'}
    dependencies:
      punycode: 2.3.0
    dev: false

  /ts-custom-error@3.3.1:
    resolution: {integrity: sha512-5OX1tzOjxWEgsr/YEUWSuPrQ00deKLh6D7OTWcvNHm12/7QPyRh8SYpyWvA4IZv8H/+GQWQEh/kwo95Q9OVW1A==}
    engines: {node: '>=14.0.0'}
    dev: false

  /ts-mixer@6.0.3:
    resolution: {integrity: sha512-k43M7uCG1AkTyxgnmI5MPwKoUvS/bRvLvUb7+Pgpdlmok8AoqmUaZxUUw8zKM5B1lqZrt41GjYgnvAi0fppqgQ==}
    dev: false

  /tslib@2.5.0:
    resolution: {integrity: sha512-336iVw3rtn2BUK7ORdIAHTyxHGRIHVReokCR3XjbckJMK7ms8FysBfhLR8IXnAgy7T0PTPNBWKiH514FOW/WSg==}
    dev: false

  /type@1.2.0:
    resolution: {integrity: sha512-+5nt5AAniqsCnu2cEQQdpzCAh33kVx8n0VoFidKpB1dVVLAN/F+bgVOqOJqOnEnrhp222clB5p3vUlD+1QAnfg==}
    dev: false

  /type@2.7.2:
    resolution: {integrity: sha512-dzlvlNlt6AXU7EBSfpAscydQ7gXB+pPGsPnfJnZpiNJBDj7IaJzQlBZYGdEi4R9HmPdBv2XmWJ6YUtoTa7lmCw==}
    dev: false

  /typedarray-to-buffer@3.1.5:
    resolution: {integrity: sha512-zdu8XMNEDepKKR+XYOXAVPtWui0ly0NtohUscw+UmaHiAWT8hrV1rr//H6V+0DvJ3OQ19S979M0laLfX8rm82Q==}
    dependencies:
      is-typedarray: 1.0.0
    dev: false

  /typegram@4.3.0:
    resolution: {integrity: sha512-pS4STyOZoJ++Mwa9GPMTNjOwEzMkxFfFt1By6IbMOJfheP0utMP/H1ga6J9R4DTjAYBr0UDn4eQg++LpWBvcAg==}
    dev: false

  /typegram@5.0.0:
    resolution: {integrity: sha512-6Z4klKmEsDKfN8dLEf8Buh6vZk1RMGUgOJscVSRXbM+RiiRgjeabc2NucR4e+RoQ1m3mwMjbi+Td+TbrQTWT+g==}
    dev: false

  /typescript@5.1.3:
    resolution: {integrity: sha512-XH627E9vkeqhlZFQuL+UsyAXEnibT0kWR2FWONlr4sTjvxyJYnyefgrkyECLzM5NenmKzRAy2rR/OlYLA1HkZw==}
    engines: {node: '>=14.17'}
    hasBin: true
    dev: false

  /undici@5.22.1:
    resolution: {integrity: sha512-Ji2IJhFXZY0x/0tVBXeQwgPlLWw13GVzpsWPQ3rV50IFMMof2I55PZZxtm4P6iNq+L5znYN9nSTAq0ZyE6lSJw==}
    engines: {node: '>=14.0'}
    dependencies:
      busboy: 1.6.0
    dev: false

  /utf-8-validate@5.0.10:
    resolution: {integrity: sha512-Z6czzLq4u8fPOyx7TU6X3dvUZVvoJmxSQ+IcrlmagKhilxlhZgxPK6C5Jqbkw1IDUmFTM+cz9QDnnLTwDz/2gQ==}
    engines: {node: '>=6.14.2'}
    requiresBuild: true
    dependencies:
      node-gyp-build: 4.6.0
    dev: false

  /utif2@4.1.0:
    resolution: {integrity: sha512-+oknB9FHrJ7oW7A2WZYajOcv4FcDR4CfoGB0dPNfxbi4GO05RRnFmt5oa23+9w32EanrYcSJWspUiJkLMs+37w==}
    dependencies:
      pako: 1.0.11
    dev: false

  /util-deprecate@1.0.2:
    resolution: {integrity: sha512-EPD5q1uXyFxJpCrLnCc1nHnq3gOa6DZBocAIiI2TaSCA7VCJ1UJDMagCzIkXNsUYfD1daK//LTEQ8xiIbrHtcw==}
    dev: false

  /webidl-conversions@3.0.1:
    resolution: {integrity: sha512-2JAn3z8AR6rjK8Sm8orRC0h/bcl/DqL7tRPdGZ4I1CjdF+EaMLmYxBHyXuKL849eucPFhvBoxMsflfOb8kxaeQ==}
    dev: false

  /webidl-conversions@7.0.0:
    resolution: {integrity: sha512-VwddBukDzu71offAQR975unBIGqfKZpM+8ZX6ySk8nYhVoo5CYaZyzt3YBvYtRtO+aoGlqxPg/B87NGVZ/fu6g==}
    engines: {node: '>=12'}
    dev: false

  /websocket@1.0.34:
    resolution: {integrity: sha512-PRDso2sGwF6kM75QykIesBijKSVceR6jL2G8NGYyq2XrItNC2P5/qL5XeR056GhA+Ly7JMFvJb9I312mJfmqnQ==}
    engines: {node: '>=4.0.0'}
    dependencies:
      bufferutil: 4.0.7
      debug: 2.6.9
      es5-ext: 0.10.62
      typedarray-to-buffer: 3.1.5
      utf-8-validate: 5.0.10
      yaeti: 0.0.6
    transitivePeerDependencies:
      - supports-color
    dev: false

  /whatwg-fetch@3.6.2:
    resolution: {integrity: sha512-bJlen0FcuU/0EMLrdbJ7zOnW6ITZLrZMIarMUVmdKtsGvZna8vxKYaexICWPfZ8qwf9fzNq+UEIZrnSaApt6RA==}
    dev: false

  /whatwg-url@11.0.0:
    resolution: {integrity: sha512-RKT8HExMpoYx4igMiVMY83lN6UeITKJlBQ+vR/8ZJ8OCdSiN3RwCq+9gH0+Xzj0+5IrM6i4j/6LuvzbZIQgEcQ==}
    engines: {node: '>=12'}
    dependencies:
      tr46: 3.0.0
      webidl-conversions: 7.0.0
    dev: false

  /whatwg-url@5.0.0:
    resolution: {integrity: sha512-saE57nupxk6v3HY35+jzBwYa0rKSy0XR8JSxZPwgLr7ys0IBzhGviA1/TUGJLmSVqs8pb9AnvICXEuOHLprYTw==}
    dependencies:
      tr46: 0.0.3
      webidl-conversions: 3.0.1
    dev: false

  /write-file-atomic@1.3.4:
    resolution: {integrity: sha512-SdrHoC/yVBPpV0Xq/mUZQIpW2sWXAShb/V4pomcJXh92RuaO+f3UTWItiR3Px+pLnV2PvC2/bfn5cwr5X6Vfxw==}
    dependencies:
      graceful-fs: 4.2.11
      imurmurhash: 0.1.4
      slide: 1.1.6
    dev: false

  /ws@8.13.0:
    resolution: {integrity: sha512-x9vcZYTrFPC7aSIbj7sRCYo7L/Xb8Iy+pW0ng0wt2vCJv7M9HOMy0UoN3rr+IFC7hb7vXoqS+P9ktyLLLhO+LA==}
    engines: {node: '>=10.0.0'}
    peerDependencies:
      bufferutil: ^4.0.1
      utf-8-validate: '>=5.0.2'
    peerDependenciesMeta:
      bufferutil:
        optional: true
      utf-8-validate:
        optional: true
    dev: false

  /xhr@2.6.0:
    resolution: {integrity: sha512-/eCGLb5rxjx5e3mF1A7s+pLlR6CGyqWN91fv1JgER5mVWg1MZmlhBvy9kjcsOdRk8RrIujotWyJamfyrp+WIcA==}
    dependencies:
      global: 4.4.0
      is-function: 1.0.2
      parse-headers: 2.0.5
      xtend: 4.0.2
    dev: false

  /xml-parse-from-string@1.0.1:
    resolution: {integrity: sha512-ErcKwJTF54uRzzNMXq2X5sMIy88zJvfN2DmdoQvy7PAFJ+tPRU6ydWuOKNMyfmOjdyBQTFREi60s0Y0SyI0G0g==}
    dev: false

  /xml2js@0.4.23:
    resolution: {integrity: sha512-ySPiMjM0+pLDftHgXY4By0uswI3SPKLDw/i3UXbnO8M/p28zqexCUoPmQFrYD+/1BzhGJSs2i1ERWKJAtiLrug==}
    engines: {node: '>=4.0.0'}
    dependencies:
      sax: 1.2.4
      xmlbuilder: 11.0.1
    dev: false

  /xmlbuilder@11.0.1:
    resolution: {integrity: sha512-fDlsI/kFEx7gLvbecc0/ohLG50fugQp8ryHzMTuW9vSa1GJ0XYWKnhsUx7oie3G98+r56aTQIUB4kht42R3JvA==}
    engines: {node: '>=4.0'}
    dev: false

  /xtend@4.0.2:
    resolution: {integrity: sha512-LKYU1iAXJXUgAXn9URjiu+MWhyUXHsvfp7mcuYm9dSUKK0/CjtrUwFAxD82/mCWbtLsGjFIad0wIsod4zrTAEQ==}
    engines: {node: '>=0.4'}
    dev: false

  /yaeti@0.0.6:
    resolution: {integrity: sha512-MvQa//+KcZCUkBTIC9blM+CU9J2GzuTytsOUwf2lidtvkx/6gnEp1QvJv34t9vdjhFmha/mUiNDbN0D0mJWdug==}
    engines: {node: '>=0.10.32'}
    dev: false

  github.com/TeleBridge/entity/a14ac9c02a75a842e695f91a894e69aa96e0a659:
    resolution: {tarball: https://codeload.github.com/TeleBridge/entity/tar.gz/a14ac9c02a75a842e695f91a894e69aa96e0a659}
    name: '@telebridge/entity'
    version: 0.0.0-dev
    prepare: true
    requiresBuild: true
    dev: false
