lockfileVersion: '6.0'

settings:
  autoInstallPeers: true
  excludeLinksFromLockfile: false

dependencies:
  '@telebridge/entity':
    specifier: github:TeleBridge/entity
    version: git/github.com+TeleBridge/entity/75cc68df12a484e136b44e46603383e477d7b368
  chalk:
    specifier: ^5.3.0
    version: 5.3.0
  discord.js:
    specifier: ^14.13.0
    version: 14.13.0
  dotenv:
    specifier: ^16.3.1
    version: 16.3.1
  jimp:
    specifier: ^0.22.10
    version: 0.22.10
  mongodb:
    specifier: ^5.8.1
    version: 5.8.1
  telegraf:
    specifier: ^4.12.2
    version: 4.12.2
  telegram:
    specifier: ^2.18.38
    version: 2.18.38
  typegram:
    specifier: ^5.0.0
    version: 5.0.0
  typescript:
    specifier: ^5.2.2
    version: 5.2.2

packages:

  /@cryptography/aes@0.1.1:
    resolution: {integrity: sha512-PcYz4FDGblO6tM2kSC+VzhhK62vml6k6/YAkiWtyPvrgJVfnDRoHGDtKn5UiaRRUrvUTTocBpvc2rRgTCqxjsg==}
    dev: false

  /@discordjs/builders@1.6.5:
    resolution: {integrity: sha512-SdweyCs/+mHj+PNhGLLle7RrRFX9ZAhzynHahMCLqp5Zeq7np7XC6/mgzHc79QoVlQ1zZtOkTTiJpOZu5V8Ufg==}
    engines: {node: '>=16.11.0'}
    dependencies:
      '@discordjs/formatters': 0.3.2
      '@discordjs/util': 1.0.1
      '@sapphire/shapeshift': 3.9.2
      discord-api-types: 0.37.50
      fast-deep-equal: 3.1.3
      ts-mixer: 6.0.3
      tslib: 2.6.1
    dev: false

  /@discordjs/collection@1.5.3:
    resolution: {integrity: sha512-SVb428OMd3WO1paV3rm6tSjM4wC+Kecaa1EUGX7vc6/fddvw/6lg90z4QtCqm21zvVe92vMMDt9+DkIvjXImQQ==}
    engines: {node: '>=16.11.0'}
    dev: false

  /@discordjs/formatters@0.3.2:
    resolution: {integrity: sha512-lE++JZK8LSSDRM5nLjhuvWhGuKiXqu+JZ/DsOR89DVVia3z9fdCJVcHF2W/1Zxgq0re7kCzmAJlCMMX3tetKpA==}
    engines: {node: '>=16.11.0'}
    dependencies:
      discord-api-types: 0.37.50
    dev: false

  /@discordjs/rest@2.0.1:
    resolution: {integrity: sha512-/eWAdDRvwX/rIE2tuQUmKaxmWeHmGealttIzGzlYfI4+a7y9b6ZoMp8BG/jaohs8D8iEnCNYaZiOFLVFLQb8Zg==}
    engines: {node: '>=16.11.0'}
    dependencies:
      '@discordjs/collection': 1.5.3
      '@discordjs/util': 1.0.1
      '@sapphire/async-queue': 1.5.0
      '@sapphire/snowflake': 3.5.1
      '@vladfrangu/async_event_emitter': 2.2.2
      discord-api-types: 0.37.50
      magic-bytes.js: 1.0.15
      tslib: 2.6.1
      undici: 5.22.1
    dev: false

  /@discordjs/util@1.0.1:
    resolution: {integrity: sha512-d0N2yCxB8r4bn00/hvFZwM7goDcUhtViC5un4hPj73Ba4yrChLSJD8fy7Ps5jpTLg1fE9n4K0xBLc1y9WGwSsA==}
    engines: {node: '>=16.11.0'}
    dev: false

  /@discordjs/ws@1.0.1:
    resolution: {integrity: sha512-avvAolBqN3yrSvdBPcJ/0j2g42ABzrv3PEL76e3YTp2WYMGH7cuspkjfSyNWaqYl1J+669dlLp+YFMxSVQyS5g==}
    engines: {node: '>=16.11.0'}
    dependencies:
      '@discordjs/collection': 1.5.3
      '@discordjs/rest': 2.0.1
      '@discordjs/util': 1.0.1
      '@sapphire/async-queue': 1.5.0
      '@types/ws': 8.5.5
      '@vladfrangu/async_event_emitter': 2.2.2
      discord-api-types: 0.37.50
      tslib: 2.6.1
      ws: 8.13.0
    transitivePeerDependencies:
      - bufferutil
      - utf-8-validate
    dev: false

  /@jimp/bmp@0.22.10(@jimp/custom@0.22.10):
    resolution: {integrity: sha512-1UXRl1Nw1KptZ1r0ANqtXOst9vGH51dq7keVKQzyyTO2lz4dOaezS9StuSTNh+RmiHg/SVPaFRpPfB0S/ln4Kg==}
    peerDependencies:
      '@jimp/custom': '>=0.3.5'
    dependencies:
      '@jimp/custom': 0.22.10
      '@jimp/utils': 0.22.10
      bmp-js: 0.1.0
    dev: false

  /@jimp/core@0.22.10:
    resolution: {integrity: sha512-ZKyrehVy6wu1PnBXIUpn/fXmyMRQiVSbvHDubgXz4bfTOao3GiOurKHjByutQIgozuAN6ZHWiSge1dKA+dex3w==}
    dependencies:
      '@jimp/utils': 0.22.10
      any-base: 1.1.0
      buffer: 5.7.1
      exif-parser: 0.1.12
      file-type: 16.5.4
      isomorphic-fetch: 3.0.0
      pixelmatch: 4.0.2
      tinycolor2: 1.6.0
    transitivePeerDependencies:
      - encoding
    dev: false

  /@jimp/custom@0.22.10:
    resolution: {integrity: sha512-sPZkUYe1hu0iIgNisjizxPJqq2vaaKvkCkPoXq2U6UV3ZA1si/WVdrg25da3IcGIEV+83AoHgM8TvqlLgrCJsg==}
    dependencies:
      '@jimp/core': 0.22.10
    transitivePeerDependencies:
      - encoding
    dev: false

  /@jimp/gif@0.22.10(@jimp/custom@0.22.10):
    resolution: {integrity: sha512-yEX2dSpamvkSx1PPDWGnKeWDrBz0vrCKjVG/cn4Zr68MRRT75tbZIeOrBa+RiUpY3ho5ix7d36LkYvt3qfUIhQ==}
    peerDependencies:
      '@jimp/custom': '>=0.3.5'
    dependencies:
      '@jimp/custom': 0.22.10
      '@jimp/utils': 0.22.10
      gifwrap: 0.10.1
      omggif: 1.0.10
    dev: false

  /@jimp/jpeg@0.22.10(@jimp/custom@0.22.10):
    resolution: {integrity: sha512-6bu98pAcVN4DY2oiDLC4TOgieX/lZrLd1tombWZOFCN5PBmqaHQxm7IUmT+Wj4faEvh8QSHgVLSA+2JQQRJWVA==}
    peerDependencies:
      '@jimp/custom': '>=0.3.5'
    dependencies:
      '@jimp/custom': 0.22.10
      '@jimp/utils': 0.22.10
      jpeg-js: 0.4.4
    dev: false

  /@jimp/plugin-blit@0.22.10(@jimp/custom@0.22.10):
    resolution: {integrity: sha512-6EI8Sl+mxYHEIy6Yteh6eknD+EZguKpNdr3sCKxNezmLR0+vK99vHcllo6uGSjXXiwtwS67Xqxn8SsoatL+UJQ==}
    peerDependencies:
      '@jimp/custom': '>=0.3.5'
    dependencies:
      '@jimp/custom': 0.22.10
      '@jimp/utils': 0.22.10
    dev: false

  /@jimp/plugin-blur@0.22.10(@jimp/custom@0.22.10):
    resolution: {integrity: sha512-4XRTWuPVdMXJeclJMisXPGizeHtTryVaVV5HnuQXpKqIZtzXReCCpNGH8q/i0kBQOQMXhGWS3mpqOEwtpPePKw==}
    peerDependencies:
      '@jimp/custom': '>=0.3.5'
    dependencies:
      '@jimp/custom': 0.22.10
      '@jimp/utils': 0.22.10
    dev: false

  /@jimp/plugin-circle@0.22.10(@jimp/custom@0.22.10):
    resolution: {integrity: sha512-mhcwTO1ywRxiCgtLGge6tDDIDPlX6qkI3CY+BjgGG/XhVHccCddXgOGLdlf+5OuKIEF2Nqs0V01LQEQIJFTmEw==}
    peerDependencies:
      '@jimp/custom': '>=0.3.5'
    dependencies:
      '@jimp/custom': 0.22.10
      '@jimp/utils': 0.22.10
    dev: false

  /@jimp/plugin-color@0.22.10(@jimp/custom@0.22.10):
    resolution: {integrity: sha512-e4t3L7Kedd96E0x1XjsTM6NcgulKUU66HdFTao7Tc9FYJRFSlttARZ/C6LEryGDm/i69R6bJEpo7BkNz0YL55Q==}
    peerDependencies:
      '@jimp/custom': '>=0.3.5'
    dependencies:
      '@jimp/custom': 0.22.10
      '@jimp/utils': 0.22.10
      tinycolor2: 1.6.0
    dev: false

  /@jimp/plugin-contain@0.22.10(@jimp/custom@0.22.10)(@jimp/plugin-blit@0.22.10)(@jimp/plugin-resize@0.22.10)(@jimp/plugin-scale@0.22.10):
    resolution: {integrity: sha512-eP8KrzctuEoqibQAxi9WhbnoRosydhiwg+IYya3dKuKDBTrD9UHt+ERlPQ/lTNWHzV/l4S1ntV3r9s9saJgsXA==}
    peerDependencies:
      '@jimp/custom': '>=0.3.5'
      '@jimp/plugin-blit': '>=0.3.5'
      '@jimp/plugin-resize': '>=0.3.5'
      '@jimp/plugin-scale': '>=0.3.5'
    dependencies:
      '@jimp/custom': 0.22.10
      '@jimp/plugin-blit': 0.22.10(@jimp/custom@0.22.10)
      '@jimp/plugin-resize': 0.22.10(@jimp/custom@0.22.10)
      '@jimp/plugin-scale': 0.22.10(@jimp/custom@0.22.10)(@jimp/plugin-resize@0.22.10)
      '@jimp/utils': 0.22.10
    dev: false

  /@jimp/plugin-cover@0.22.10(@jimp/custom@0.22.10)(@jimp/plugin-crop@0.22.10)(@jimp/plugin-resize@0.22.10)(@jimp/plugin-scale@0.22.10):
    resolution: {integrity: sha512-kJCwL5T1igfa0InCfkE7bBeqg26m46aoRt10ug+rvm11P6RrvRMGrgINFyIKB+mnB7CiyBN/MOula1CvLhSInQ==}
    peerDependencies:
      '@jimp/custom': '>=0.3.5'
      '@jimp/plugin-crop': '>=0.3.5'
      '@jimp/plugin-resize': '>=0.3.5'
      '@jimp/plugin-scale': '>=0.3.5'
    dependencies:
      '@jimp/custom': 0.22.10
      '@jimp/plugin-crop': 0.22.10(@jimp/custom@0.22.10)
      '@jimp/plugin-resize': 0.22.10(@jimp/custom@0.22.10)
      '@jimp/plugin-scale': 0.22.10(@jimp/custom@0.22.10)(@jimp/plugin-resize@0.22.10)
      '@jimp/utils': 0.22.10
    dev: false

  /@jimp/plugin-crop@0.22.10(@jimp/custom@0.22.10):
    resolution: {integrity: sha512-BOZ+YGaZlhU7c5ye65RxikicXH0Ki0It6/XHISvipR5WZrfjLjL2Ke20G+AGnwBQc76gKenVcMXVUCnEjtZV+Q==}
    peerDependencies:
      '@jimp/custom': '>=0.3.5'
    dependencies:
      '@jimp/custom': 0.22.10
      '@jimp/utils': 0.22.10
    dev: false

  /@jimp/plugin-displace@0.22.10(@jimp/custom@0.22.10):
    resolution: {integrity: sha512-llNiWWMTKISDXt5+cXI0GaFmZWAjlT+4fFLYf4eXquuL/9wZoQsEBhv2GdGd48mkiS8jZq1Nnb2Q4ehEPTvrzw==}
    peerDependencies:
      '@jimp/custom': '>=0.3.5'
    dependencies:
      '@jimp/custom': 0.22.10
      '@jimp/utils': 0.22.10
    dev: false

  /@jimp/plugin-dither@0.22.10(@jimp/custom@0.22.10):
    resolution: {integrity: sha512-05WLmeV5M+P/0FS+bWf13hMew2X0oa8w9AtmevL2UyA/5GqiyvP2Xm5WfGQ8oFiiMvpnL6RFomJQOZtWca0C2w==}
    peerDependencies:
      '@jimp/custom': '>=0.3.5'
    dependencies:
      '@jimp/custom': 0.22.10
      '@jimp/utils': 0.22.10
    dev: false

  /@jimp/plugin-fisheye@0.22.10(@jimp/custom@0.22.10):
    resolution: {integrity: sha512-InjiXvc7Gkzrx8VWtU97kDqV7ENnhHGPULymJWeZaF2aicud9Fpk4iCtd/DcZIrk7Cbe60A8RwNXN00HXIbSCg==}
    peerDependencies:
      '@jimp/custom': '>=0.3.5'
    dependencies:
      '@jimp/custom': 0.22.10
      '@jimp/utils': 0.22.10
    dev: false

  /@jimp/plugin-flip@0.22.10(@jimp/custom@0.22.10)(@jimp/plugin-rotate@0.22.10):
    resolution: {integrity: sha512-42GkGtTHWnhnwTMPVK/kXObZbkYIpQWfuIfy5EMEMk6zRj05zpv4vsjkKWfuemweZINwfvD7wDJF7FVFNNcZZg==}
    peerDependencies:
      '@jimp/custom': '>=0.3.5'
      '@jimp/plugin-rotate': '>=0.3.5'
    dependencies:
      '@jimp/custom': 0.22.10
      '@jimp/plugin-rotate': 0.22.10(@jimp/custom@0.22.10)(@jimp/plugin-blit@0.22.10)(@jimp/plugin-crop@0.22.10)(@jimp/plugin-resize@0.22.10)
      '@jimp/utils': 0.22.10
    dev: false

  /@jimp/plugin-gaussian@0.22.10(@jimp/custom@0.22.10):
    resolution: {integrity: sha512-ykrG/6lTp9Q5YA8jS5XzwMHtRxb9HOFMgtmnrUZ8kU+BK8REecfy9Ic5BUEOjCYvS1a/xLsnrZQU07iiYxBxFg==}
    peerDependencies:
      '@jimp/custom': '>=0.3.5'
    dependencies:
      '@jimp/custom': 0.22.10
      '@jimp/utils': 0.22.10
    dev: false

  /@jimp/plugin-invert@0.22.10(@jimp/custom@0.22.10):
    resolution: {integrity: sha512-d8j9BlUJYs/c994t4azUWSWmQq4LLPG4ecm8m6SSNqap+S/HlVQGqjYhJEBbY9EXkOTYB9vBL9bqwSM1Rr6paA==}
    peerDependencies:
      '@jimp/custom': '>=0.3.5'
    dependencies:
      '@jimp/custom': 0.22.10
      '@jimp/utils': 0.22.10
    dev: false

  /@jimp/plugin-mask@0.22.10(@jimp/custom@0.22.10):
    resolution: {integrity: sha512-yRBs1230XZkz24uFTdTcSlZ0HXZpIWzM3iFQN56MzZ7USgdVZjPPDCQ8I9RpqfZ36nDflQkUO0wV7ucsi4ogow==}
    peerDependencies:
      '@jimp/custom': '>=0.3.5'
    dependencies:
      '@jimp/custom': 0.22.10
      '@jimp/utils': 0.22.10
    dev: false

  /@jimp/plugin-normalize@0.22.10(@jimp/custom@0.22.10):
    resolution: {integrity: sha512-Wk9GX6eJMchX/ZAazVa70Fagu+OXMvHiPY+HrcEwcclL+p1wo8xAHEsf9iKno7Ja4EU9lLhbBRY5hYJyiKMEkg==}
    peerDependencies:
      '@jimp/custom': '>=0.3.5'
    dependencies:
      '@jimp/custom': 0.22.10
      '@jimp/utils': 0.22.10
    dev: false

  /@jimp/plugin-print@0.22.10(@jimp/custom@0.22.10)(@jimp/plugin-blit@0.22.10):
    resolution: {integrity: sha512-1U3VloIR+beE1kWPdGEJMiE2h1Do29iv3w8sBbvPyRP4qXxRFcDpmCGtctsrKmb1krlBFlj8ubyAY90xL+5n9w==}
    peerDependencies:
      '@jimp/custom': '>=0.3.5'
      '@jimp/plugin-blit': '>=0.3.5'
    dependencies:
      '@jimp/custom': 0.22.10
      '@jimp/plugin-blit': 0.22.10(@jimp/custom@0.22.10)
      '@jimp/utils': 0.22.10
      load-bmfont: 1.4.1
    dev: false

  /@jimp/plugin-resize@0.22.10(@jimp/custom@0.22.10):
    resolution: {integrity: sha512-ixomxVcnAONXDgaq0opvAx4UAOiEhOA/tipuhFFOvPKFd4yf1BAnEviB5maB0SBHHkJXPUSzDp/73xVTMGSe7g==}
    peerDependencies:
      '@jimp/custom': '>=0.3.5'
    dependencies:
      '@jimp/custom': 0.22.10
      '@jimp/utils': 0.22.10
    dev: false

  /@jimp/plugin-rotate@0.22.10(@jimp/custom@0.22.10)(@jimp/plugin-blit@0.22.10)(@jimp/plugin-crop@0.22.10)(@jimp/plugin-resize@0.22.10):
    resolution: {integrity: sha512-eeFX8dnRyf3LAdsdXWKWuN18hLRg8zy1cP0cP9rHzQVWRK7ck/QsLxK1vHq7MADGwQalNaNTJ9SQxH6c8mz6jw==}
    peerDependencies:
      '@jimp/custom': '>=0.3.5'
      '@jimp/plugin-blit': '>=0.3.5'
      '@jimp/plugin-crop': '>=0.3.5'
      '@jimp/plugin-resize': '>=0.3.5'
    dependencies:
      '@jimp/custom': 0.22.10
      '@jimp/plugin-blit': 0.22.10(@jimp/custom@0.22.10)
      '@jimp/plugin-crop': 0.22.10(@jimp/custom@0.22.10)
      '@jimp/plugin-resize': 0.22.10(@jimp/custom@0.22.10)
      '@jimp/utils': 0.22.10
    dev: false

  /@jimp/plugin-scale@0.22.10(@jimp/custom@0.22.10)(@jimp/plugin-resize@0.22.10):
    resolution: {integrity: sha512-TG/H0oUN69C9ArBCZg4PmuoixFVKIiru8282KzSB/Tp1I0xwX0XLTv3dJ5pobPlIgPcB+TmD4xAIdkCT4rtWxg==}
    peerDependencies:
      '@jimp/custom': '>=0.3.5'
      '@jimp/plugin-resize': '>=0.3.5'
    dependencies:
      '@jimp/custom': 0.22.10
      '@jimp/plugin-resize': 0.22.10(@jimp/custom@0.22.10)
      '@jimp/utils': 0.22.10
    dev: false

  /@jimp/plugin-shadow@0.22.10(@jimp/custom@0.22.10)(@jimp/plugin-blur@0.22.10)(@jimp/plugin-resize@0.22.10):
    resolution: {integrity: sha512-TN9xm6fI7XfxbMUQqFPZjv59Xdpf0tSiAQdINB4g6pJMWiVANR/74OtDONoy3KKpenu5Y38s+FkrtID/KcQAhw==}
    peerDependencies:
      '@jimp/custom': '>=0.3.5'
      '@jimp/plugin-blur': '>=0.3.5'
      '@jimp/plugin-resize': '>=0.3.5'
    dependencies:
      '@jimp/custom': 0.22.10
      '@jimp/plugin-blur': 0.22.10(@jimp/custom@0.22.10)
      '@jimp/plugin-resize': 0.22.10(@jimp/custom@0.22.10)
      '@jimp/utils': 0.22.10
    dev: false

  /@jimp/plugin-threshold@0.22.10(@jimp/custom@0.22.10)(@jimp/plugin-color@0.22.10)(@jimp/plugin-resize@0.22.10):
    resolution: {integrity: sha512-DA2lSnU0TgIRbAgmXaxroYw3Ad6J2DOFEoJp0NleSm2h3GWbZEE5yW9U2B6hD3iqn4AenG4E2b2WzHXZyzSutw==}
    peerDependencies:
      '@jimp/custom': '>=0.3.5'
      '@jimp/plugin-color': '>=0.8.0'
      '@jimp/plugin-resize': '>=0.8.0'
    dependencies:
      '@jimp/custom': 0.22.10
      '@jimp/plugin-color': 0.22.10(@jimp/custom@0.22.10)
      '@jimp/plugin-resize': 0.22.10(@jimp/custom@0.22.10)
      '@jimp/utils': 0.22.10
    dev: false

  /@jimp/plugins@0.22.10(@jimp/custom@0.22.10):
    resolution: {integrity: sha512-KDMZyM6pmvS8freB+UBLko1TO/k4D7URS/nphCozuH+P7i3UMe7NdckXKJ8u+WD6sqN0YFYvBehpkpnUiw/91w==}
    peerDependencies:
      '@jimp/custom': '>=0.3.5'
    dependencies:
      '@jimp/custom': 0.22.10
      '@jimp/plugin-blit': 0.22.10(@jimp/custom@0.22.10)
      '@jimp/plugin-blur': 0.22.10(@jimp/custom@0.22.10)
      '@jimp/plugin-circle': 0.22.10(@jimp/custom@0.22.10)
      '@jimp/plugin-color': 0.22.10(@jimp/custom@0.22.10)
      '@jimp/plugin-contain': 0.22.10(@jimp/custom@0.22.10)(@jimp/plugin-blit@0.22.10)(@jimp/plugin-resize@0.22.10)(@jimp/plugin-scale@0.22.10)
      '@jimp/plugin-cover': 0.22.10(@jimp/custom@0.22.10)(@jimp/plugin-crop@0.22.10)(@jimp/plugin-resize@0.22.10)(@jimp/plugin-scale@0.22.10)
      '@jimp/plugin-crop': 0.22.10(@jimp/custom@0.22.10)
      '@jimp/plugin-displace': 0.22.10(@jimp/custom@0.22.10)
      '@jimp/plugin-dither': 0.22.10(@jimp/custom@0.22.10)
      '@jimp/plugin-fisheye': 0.22.10(@jimp/custom@0.22.10)
      '@jimp/plugin-flip': 0.22.10(@jimp/custom@0.22.10)(@jimp/plugin-rotate@0.22.10)
      '@jimp/plugin-gaussian': 0.22.10(@jimp/custom@0.22.10)
      '@jimp/plugin-invert': 0.22.10(@jimp/custom@0.22.10)
      '@jimp/plugin-mask': 0.22.10(@jimp/custom@0.22.10)
      '@jimp/plugin-normalize': 0.22.10(@jimp/custom@0.22.10)
      '@jimp/plugin-print': 0.22.10(@jimp/custom@0.22.10)(@jimp/plugin-blit@0.22.10)
      '@jimp/plugin-resize': 0.22.10(@jimp/custom@0.22.10)
      '@jimp/plugin-rotate': 0.22.10(@jimp/custom@0.22.10)(@jimp/plugin-blit@0.22.10)(@jimp/plugin-crop@0.22.10)(@jimp/plugin-resize@0.22.10)
      '@jimp/plugin-scale': 0.22.10(@jimp/custom@0.22.10)(@jimp/plugin-resize@0.22.10)
      '@jimp/plugin-shadow': 0.22.10(@jimp/custom@0.22.10)(@jimp/plugin-blur@0.22.10)(@jimp/plugin-resize@0.22.10)
      '@jimp/plugin-threshold': 0.22.10(@jimp/custom@0.22.10)(@jimp/plugin-color@0.22.10)(@jimp/plugin-resize@0.22.10)
      timm: 1.7.1
    dev: false

  /@jimp/png@0.22.10(@jimp/custom@0.22.10):
    resolution: {integrity: sha512-RYinU7tZToeeR2g2qAMn42AU+8OUHjXPKZZ9RkmoL4bguA1xyZWaSdr22/FBkmnHhOERRlr02KPDN1OTOYHLDQ==}
    peerDependencies:
      '@jimp/custom': '>=0.3.5'
    dependencies:
      '@jimp/custom': 0.22.10
      '@jimp/utils': 0.22.10
      pngjs: 6.0.0
    dev: false

  /@jimp/tiff@0.22.10(@jimp/custom@0.22.10):
    resolution: {integrity: sha512-OaivlSYzpNTHyH/h7pEtl3A7F7TbsgytZs52GLX/xITW92ffgDgT6PkldIrMrET6ERh/hdijNQiew7IoEEr2og==}
    peerDependencies:
      '@jimp/custom': '>=0.3.5'
    dependencies:
      '@jimp/custom': 0.22.10
      utif2: 4.1.0
    dev: false

  /@jimp/types@0.22.10(@jimp/custom@0.22.10):
    resolution: {integrity: sha512-u/r+XYzbCx4zZukDmxx8S0er3Yq3iDPI6+31WKX0N18i2qPPJYcn8qwIFurfupRumGvJ8SlGLCgt/T+Y8zzUIw==}
    peerDependencies:
      '@jimp/custom': '>=0.3.5'
    dependencies:
      '@jimp/bmp': 0.22.10(@jimp/custom@0.22.10)
      '@jimp/custom': 0.22.10
      '@jimp/gif': 0.22.10(@jimp/custom@0.22.10)
      '@jimp/jpeg': 0.22.10(@jimp/custom@0.22.10)
      '@jimp/png': 0.22.10(@jimp/custom@0.22.10)
      '@jimp/tiff': 0.22.10(@jimp/custom@0.22.10)
      timm: 1.7.1
    dev: false

  /@jimp/utils@0.22.10:
    resolution: {integrity: sha512-ztlOK9Mm2iLG2AMoabzM4i3WZ/FtshcgsJCbZCRUs/DKoeS2tySRJTnQZ1b7Roq0M4Ce+FUAxnCAcBV0q7PH9w==}
    dependencies:
      regenerator-runtime: 0.13.11
    dev: false

  /@mongodb-js/saslprep@1.1.0:
    resolution: {integrity: sha512-Xfijy7HvfzzqiOAhAepF4SGN5e9leLkMvg/OPOF97XemjfVCYN/oWa75wnkc6mltMSTwY+XlbhWgUOJmkFspSw==}
    requiresBuild: true
    dependencies:
      sparse-bitfield: 3.0.3
    dev: false
    optional: true

  /@sapphire/async-queue@1.5.0:
    resolution: {integrity: sha512-JkLdIsP8fPAdh9ZZjrbHWR/+mZj0wvKS5ICibcLrRI1j84UmLMshx5n9QmL8b95d4onJ2xxiyugTgSAX7AalmA==}
    engines: {node: '>=v14.0.0', npm: '>=7.0.0'}
    dev: false

  /@sapphire/shapeshift@3.9.2:
    resolution: {integrity: sha512-YRbCXWy969oGIdqR/wha62eX8GNHsvyYi0Rfd4rNW6tSVVa8p0ELiMEuOH/k8rgtvRoM+EMV7Csqz77YdwiDpA==}
    engines: {node: '>=v14.0.0', npm: '>=7.0.0'}
    dependencies:
      fast-deep-equal: 3.1.3
      lodash: 4.17.21
    dev: false

  /@sapphire/snowflake@3.5.1:
    resolution: {integrity: sha512-BxcYGzgEsdlG0dKAyOm0ehLGm2CafIrfQTZGWgkfKYbj+pNNsorZ7EotuZukc2MT70E0UbppVbtpBrqpzVzjNA==}
    engines: {node: '>=v14.0.0', npm: '>=7.0.0'}
    dev: false

  /@tokenizer/token@0.3.0:
    resolution: {integrity: sha512-OvjF+z51L3ov0OyAU0duzsYuvO01PH7x4t6DJx+guahgTnBHkhJdG7soQeTSFLWN3efnHyibZ4Z8l2EuWwJN3A==}
    dev: false

  /@types/node@16.9.1:
    resolution: {integrity: sha512-QpLcX9ZSsq3YYUUnD3nFDY8H7wctAhQj/TFKL8Ya8v5fMm3CFXxo8zStsLAl780ltoYoo1WvKUVGBQK+1ifr7g==}
    dev: false

  /@types/node@18.15.11:
    resolution: {integrity: sha512-E5Kwq2n4SbMzQOn6wnmBjuK9ouqlURrcZDVfbo9ftDDTFt3nk7ZKK4GMOzoYgnpQJKcxwQw+lGaBvvlMo0qN/Q==}
    dev: false

  /@types/webidl-conversions@7.0.0:
    resolution: {integrity: sha512-xTE1E+YF4aWPJJeUzaZI5DRntlkY3+BCVJi0axFptnjGmAoWxkyREIh/XMrfxVLejwQxMCfDXdICo0VLxThrog==}
    dev: false

  /@types/whatwg-url@8.2.2:
    resolution: {integrity: sha512-FtQu10RWgn3D9U4aazdwIE2yzphmTJREDqNdODHrbrZmmMqI0vMheC/6NE/J1Yveaj8H+ela+YwWTjq5PGmuhA==}
    dependencies:
      '@types/node': 18.15.11
      '@types/webidl-conversions': 7.0.0
    dev: false

  /@types/ws@8.5.5:
    resolution: {integrity: sha512-lwhs8hktwxSjf9UaZ9tG5M03PGogvFaH8gUgLNbN9HKIg0dvv6q+gkSuJ8HN4/VbyxkuLzCjlN7GquQ0gUJfIg==}
    dependencies:
      '@types/node': 18.15.11
    dev: false

  /@vladfrangu/async_event_emitter@2.2.2:
    resolution: {integrity: sha512-HIzRG7sy88UZjBJamssEczH5q7t5+axva19UbZLO6u0ySbYPrwzWiXBcC0WuHyhKKoeCyneH+FvYzKQq/zTtkQ==}
    engines: {node: '>=v14.0.0', npm: '>=7.0.0'}
    dev: false

  /abort-controller@3.0.0:
    resolution: {integrity: sha512-h8lQ8tacZYnR3vNQTgibj+tODHI5/+l06Au2Pcriv/Gmet0eaj4TwWH41sO9wnHDiQsEj19q0drzdWdeAHtweg==}
    engines: {node: '>=6.5'}
    dependencies:
      event-target-shim: 5.0.1
    dev: false

  /any-base@1.1.0:
    resolution: {integrity: sha512-uMgjozySS8adZZYePpaWs8cxB9/kdzmpX6SgJZ+wbz1K5eYk5QMYDVJaZKhxyIHUdnnJkfR7SVgStgH7LkGUyg==}
    dev: false

  /async-mutex@0.3.2:
    resolution: {integrity: sha512-HuTK7E7MT7jZEh1P9GtRW9+aTWiDWWi9InbZ5hjxrnRa39KS4BW04+xLBhYNS2aXhHUIKZSw3gj4Pn1pj+qGAA==}
    dependencies:
      tslib: 2.6.1
    dev: false

  /base64-js@1.5.1:
    resolution: {integrity: sha512-AKpaYlHn8t4SVbOHCy+b5+KKgvR4vrsD8vbvrbiQJps7fKDTkjkDry6ji0rUJjC0kzbNePLwzxq8iypo41qeWA==}
    dev: false

  /big-integer@1.6.51:
    resolution: {integrity: sha512-GPEid2Y9QU1Exl1rpO9B2IPJGHPSupF5GnVIP0blYvNOMer2bTvSWs1jGOUg04hTmu67nmLsQ9TBo1puaotBHg==}
    engines: {node: '>=0.6'}
    dev: false

  /bmp-js@0.1.0:
    resolution: {integrity: sha512-vHdS19CnY3hwiNdkaqk93DvjVLfbEcI8mys4UjuWrlX1haDmroo8o4xCzh4wD6DGV6HxRCyauwhHRqMTfERtjw==}
    dev: false

  /bson@5.4.0:
    resolution: {integrity: sha512-WRZ5SQI5GfUuKnPTNmAYPiKIof3ORXAF4IRU5UcgmivNIon01rWQlw5RUH954dpu8yGL8T59YShVddIPaU/gFA==}
    engines: {node: '>=14.20.1'}
    dev: false

  /buffer-alloc-unsafe@1.1.0:
    resolution: {integrity: sha512-TEM2iMIEQdJ2yjPJoSIsldnleVaAk1oW3DBVUykyOLsEsFmEc9kn+SFFPz+gl54KQNxlDnAwCXosOS9Okx2xAg==}
    dev: false

  /buffer-alloc@1.2.0:
    resolution: {integrity: sha512-CFsHQgjtW1UChdXgbyJGtnm+O/uLQeZdtbDo8mfUgYXCHSM1wgrVxXm6bSyrUuErEb+4sYVGCzASBRot7zyrow==}
    dependencies:
      buffer-alloc-unsafe: 1.1.0
      buffer-fill: 1.0.0
    dev: false

  /buffer-equal@0.0.1:
    resolution: {integrity: sha512-RgSV6InVQ9ODPdLWJ5UAqBqJBOg370Nz6ZQtRzpt6nUjc8v0St97uJ4PYC6NztqIScrAXafKM3mZPMygSe1ggA==}
    engines: {node: '>=0.4.0'}
    dev: false

  /buffer-fill@1.0.0:
    resolution: {integrity: sha512-T7zexNBwiiaCOGDg9xNX9PBmjrubblRkENuptryuI64URkXDFum9il/JGL8Lm8wYfAXpredVXXZz7eMHilimiQ==}
    dev: false

  /buffer@5.7.1:
    resolution: {integrity: sha512-EHcyIPBQ4BSGlvjB16k5KgAJ27CIsHY/2JBmCRReo48y9rQ3MaUzWX3KVlBa4U7MyX02HdVj0K7C3WaB3ju7FQ==}
    dependencies:
      base64-js: 1.5.1
      ieee754: 1.2.1
    dev: false

  /buffer@6.0.3:
    resolution: {integrity: sha512-FTiCpNxtwiZZHEZbcbTIcZjERVICn9yq/pDFkTl95/AxzD1naBctN7YO68riM/gLSDY7sdrMby8hofADYuuqOA==}
    dependencies:
      base64-js: 1.5.1
      ieee754: 1.2.1
    dev: false

  /bufferutil@4.0.7:
    resolution: {integrity: sha512-kukuqc39WOHtdxtw4UScxF/WVnMFVSQVKhtx3AjZJzhd0RGZZldcrfSEbVsWWe6KNH253574cq5F+wpv0G9pJw==}
    engines: {node: '>=6.14.2'}
    requiresBuild: true
    dependencies:
      node-gyp-build: 4.6.0
    dev: false

  /busboy@1.6.0:
    resolution: {integrity: sha512-8SFQbg/0hQ9xy3UNTB0YEnsNBbWfhf7RtnzpL7TkBiTBRfrQ9Fxcnz7VJsleJpyp6rVLvXiuORqjlHi5q+PYuA==}
    engines: {node: '>=10.16.0'}
    dependencies:
      streamsearch: 1.1.0
    dev: false

  /chalk@5.3.0:
    resolution: {integrity: sha512-dLitG79d+GV1Nb/VYcCDFivJeK1hiukt9QjRNVOsUtTy1rR1YJsmpGGTZ3qJos+uw7WmWF4wUwBd9jxjocFC2w==}
    engines: {node: ^12.17.0 || ^14.13 || >=16.0.0}
    dev: false

  /d@1.0.1:
    resolution: {integrity: sha512-m62ShEObQ39CfralilEQRjH6oAMtNCV1xJyEx5LpRYUVN+EviphDgUc/F3hnYbADmkiNs67Y+3ylmlG7Lnu+FA==}
    dependencies:
      es5-ext: 0.10.62
      type: 1.2.0
    dev: false

  /debug@2.6.9:
    resolution: {integrity: sha512-bC7ElrdJaJnPbAP+1EotYvqZsb3ecl5wi6Bfi6BJTUcNowp6cvspg0jXznRTKDjm/E7AdgFBVeAPVMNcKGsHMA==}
    peerDependencies:
      supports-color: '*'
    peerDependenciesMeta:
      supports-color:
        optional: true
    dependencies:
      ms: 2.0.0
    dev: false

  /debug@4.3.4:
    resolution: {integrity: sha512-PRWFHuSU3eDtQJPvnNY7Jcket1j0t5OuOsFzPPzsekD52Zl8qUfFIPEiswXqIvHWGVHOgX+7G/vCNNhehwxfkQ==}
    engines: {node: '>=6.0'}
    peerDependencies:
      supports-color: '*'
    peerDependenciesMeta:
      supports-color:
        optional: true
    dependencies:
      ms: 2.1.2
    dev: false

  /discord-api-types@0.37.50:
    resolution: {integrity: sha512-X4CDiMnDbA3s3RaUXWXmgAIbY1uxab3fqe3qwzg5XutR3wjqi7M3IkgQbsIBzpqBN2YWr/Qdv7JrFRqSgb4TFg==}
    dev: false

  /discord.js@14.13.0:
    resolution: {integrity: sha512-Kufdvg7fpyTEwANGy9x7i4od4yu5c6gVddGi5CKm4Y5a6sF0VBODObI3o0Bh7TGCj0LfNT8Qp8z04wnLFzgnbA==}
    engines: {node: '>=16.11.0'}
    dependencies:
      '@discordjs/builders': 1.6.5
      '@discordjs/collection': 1.5.3
      '@discordjs/formatters': 0.3.2
      '@discordjs/rest': 2.0.1
      '@discordjs/util': 1.0.1
      '@discordjs/ws': 1.0.1
      '@sapphire/snowflake': 3.5.1
      '@types/ws': 8.5.5
      discord-api-types: 0.37.50
      fast-deep-equal: 3.1.3
      lodash.snakecase: 4.1.1
      tslib: 2.6.1
      undici: 5.22.1
      ws: 8.13.0
    transitivePeerDependencies:
      - bufferutil
      - utf-8-validate
    dev: false

  /dom-serializer@1.4.1:
    resolution: {integrity: sha512-VHwB3KfrcOOkelEG2ZOfxqLZdfkil8PtJi4P8N2MMXucZq2yLp75ClViUlOVwyoHEDjYU433Aq+5zWP61+RGag==}
    dependencies:
      domelementtype: 2.3.0
      domhandler: 4.3.1
      entities: 2.2.0
    dev: false

  /dom-walk@0.1.2:
    resolution: {integrity: sha512-6QvTW9mrGeIegrFXdtQi9pk7O/nSK6lSdXW2eqUspN5LWD7UTji2Fqw5V2YLjBpHEoU9Xl/eUWNpDeZvoyOv2w==}
    dev: false

  /domelementtype@2.3.0:
    resolution: {integrity: sha512-OLETBj6w0OsagBwdXnPdN0cnMfF9opN69co+7ZrbfPGrdpPVNBUj02spi6B1N7wChLQiPn4CSH/zJvXw56gmHw==}
    dev: false

  /domhandler@4.3.1:
    resolution: {integrity: sha512-GrwoxYN+uWlzO8uhUXRl0P+kHE4GtVPfYzVLcUxPL7KNdHKj66vvlhiweIHqYYXWlw+T8iLMp42Lm67ghw4WMQ==}
    engines: {node: '>= 4'}
    dependencies:
      domelementtype: 2.3.0
    dev: false

  /domutils@2.8.0:
    resolution: {integrity: sha512-w96Cjofp72M5IIhpjgobBimYEfoPjx1Vx0BSX9P30WBdZW2WIKU0T1Bd0kz2eNZ9ikjKgHbEyKx8BB6H1L3h3A==}
    dependencies:
      dom-serializer: 1.4.1
      domelementtype: 2.3.0
      domhandler: 4.3.1
    dev: false

  /dotenv@16.3.1:
    resolution: {integrity: sha512-IPzF4w4/Rd94bA9imS68tZBaYyBWSCE47V1RGuMrB94iyTOIEwRmVL2x/4An+6mETpLrKJ5hQkB8W4kFAadeIQ==}
    engines: {node: '>=12'}
    dev: false

  /entities@2.2.0:
    resolution: {integrity: sha512-p92if5Nz619I0w+akJrLZH0MX0Pb5DX39XOwQTtXSdQQOaYH03S1uIQp4mhOZtAXrxq4ViO67YTiLBo2638o9A==}
    dev: false

  /es5-ext@0.10.62:
    resolution: {integrity: sha512-BHLqn0klhEpnOKSrzn/Xsz2UIW8j+cGmo9JLzr8BiUapV8hPL9+FliFqjwr9ngW7jWdnxv6eO+/LqyhJVqgrjA==}
    engines: {node: '>=0.10'}
    requiresBuild: true
    dependencies:
      es6-iterator: 2.0.3
      es6-symbol: 3.1.3
      next-tick: 1.1.0
    dev: false

  /es6-iterator@2.0.3:
    resolution: {integrity: sha512-zw4SRzoUkd+cl+ZoE15A9o1oQd920Bb0iOJMQkQhl3jNc03YqVjAhG7scf9C5KWRU/R13Orf588uCC6525o02g==}
    dependencies:
      d: 1.0.1
      es5-ext: 0.10.62
      es6-symbol: 3.1.3
    dev: false

  /es6-symbol@3.1.3:
    resolution: {integrity: sha512-NJ6Yn3FuDinBaBRWl/q5X/s4koRHBrgKAu+yGI6JCBeiu3qrcbJhwT2GeR/EXVfylRk8dpQVJoLEFhK+Mu31NA==}
    dependencies:
      d: 1.0.1
      ext: 1.7.0
    dev: false

  /event-target-shim@5.0.1:
    resolution: {integrity: sha512-i/2XbnSz/uxRCU6+NdVJgKWDTM427+MqYbkQzD321DuCQJUqOuJKIA0IM2+W2xtYHdKOmZ4dR6fExsd4SXL+WQ==}
    engines: {node: '>=6'}
    dev: false

  /exif-parser@0.1.12:
    resolution: {integrity: sha512-c2bQfLNbMzLPmzQuOr8fy0csy84WmwnER81W88DzTp9CYNPJ6yzOj2EZAh9pywYpqHnshVLHQJ8WzldAyfY+Iw==}
    dev: false

  /ext@1.7.0:
    resolution: {integrity: sha512-6hxeJYaL110a9b5TEJSj0gojyHQAmA2ch5Os+ySCiA1QGdS697XWY1pzsrSjqA9LDEEgdB/KypIlR59RcLuHYw==}
    dependencies:
      type: 2.7.2
    dev: false

  /fast-deep-equal@3.1.3:
    resolution: {integrity: sha512-f3qQ9oQy9j2AhBe/H9VC91wLmKBCCU/gDOnKNAYG5hswO7BLKj09Hc5HYNz9cGI++xlpDCIgDaitVs03ATR84Q==}
    dev: false

  /file-type@16.5.4:
    resolution: {integrity: sha512-/yFHK0aGjFEgDJjEKP0pWCplsPFPhwyfwevf/pVxiN0tmE4L9LmwWxWukdJSHdoCli4VgQLehjJtwQBnqmsKcw==}
    engines: {node: '>=10'}
    dependencies:
      readable-web-to-node-stream: 3.0.2
      strtok3: 6.3.0
      token-types: 4.2.1
    dev: false

  /gifwrap@0.10.1:
    resolution: {integrity: sha512-2760b1vpJHNmLzZ/ubTtNnEx5WApN/PYWJvXvgS+tL1egTTthayFYIQQNi136FLEDcN/IyEY2EcGpIITD6eYUw==}
    dependencies:
      image-q: 4.0.0
      omggif: 1.0.10
    dev: false

  /global@4.4.0:
    resolution: {integrity: sha512-wv/LAoHdRE3BeTGz53FAamhGlPLhlssK45usmGFThIi4XqnBmjKQ16u+RNbP7WvigRZDxUsM0J3gcQ5yicaL0w==}
    dependencies:
      min-document: 2.19.0
      process: 0.11.10
    dev: false

  /graceful-fs@4.2.11:
    resolution: {integrity: sha512-RbJ5/jmFcNNCcDV5o9eTnBLJ/HszWV0P73bc+Ff4nS/rJj+YaS6IGyiOL0VoBYX+l1Wrl3k63h/KrH+nhJ0XvQ==}
    dev: false

  /htmlparser2@6.1.0:
    resolution: {integrity: sha512-gyyPk6rgonLFEDGoeRgQNaEUvdJ4ktTmmUh/h2t7s+M8oPpIPxgNACWa+6ESR57kXstwqPiCut0V8NRpcwgU7A==}
    dependencies:
      domelementtype: 2.3.0
      domhandler: 4.3.1
      domutils: 2.8.0
      entities: 2.2.0
    dev: false

  /ieee754@1.2.1:
    resolution: {integrity: sha512-dcyqhDvX1C46lXZcVqCpK+FtMRQVdIMN6/Df5js2zouUsqG7I6sFxitIC+7KYK29KdXOLHdu9zL4sFnoVQnqaA==}
    dev: false

  /image-q@4.0.0:
    resolution: {integrity: sha512-PfJGVgIfKQJuq3s0tTDOKtztksibuUEbJQIYT3by6wctQo+Rdlh7ef4evJ5NCdxY4CfMbvFkocEwbl4BF8RlJw==}
    dependencies:
      '@types/node': 16.9.1
    dev: false

  /imurmurhash@0.1.4:
    resolution: {integrity: sha512-JmXMZ6wuvDmLiHEml9ykzqO6lwFbof0GG4IkcGaENdCRDDmMVnny7s5HsIgHCbaq0w2MyPhDqkhTUgS2LU2PHA==}
    engines: {node: '>=0.8.19'}
    dev: false

  /inherits@2.0.4:
    resolution: {integrity: sha512-k/vGaX4/Yla3WzyMCvTQOXYeIHvqOKtnqBduzTHpzpQZzAskKMhZ2K+EnBiSM9zGSoIFeMpXKxa4dYeZIQqewQ==}
    dev: false

  /ip@2.0.0:
    resolution: {integrity: sha512-WKa+XuLG1A1R0UWhl2+1XQSi+fZWMsYKffMZTTYsiZaUD8k2yDAj5atimTUD2TZkyCkNEeYE5NhFZmupOGtjYQ==}
    dev: false

  /is-function@1.0.2:
    resolution: {integrity: sha512-lw7DUp0aWXYg+CBCN+JKkcE0Q2RayZnSvnZBlwgxHBQhqt5pZNVy4Ri7H9GmmXkdu7LUthszM+Tor1u/2iBcpQ==}
    dev: false

  /is-typedarray@1.0.0:
    resolution: {integrity: sha512-cyA56iCMHAh5CdzjJIa4aohJyeO1YbwLi3Jc35MmRU6poroFjIGZzUzupGiRPOjgHg9TLu43xbpwXk523fMxKA==}
    dev: false

  /isomorphic-fetch@3.0.0:
    resolution: {integrity: sha512-qvUtwJ3j6qwsF3jLxkZ72qCgjMysPzDfeV240JHiGZsANBYd+EEuu35v7dfrJ9Up0Ak07D7GGSkGhCHTqg/5wA==}
    dependencies:
      node-fetch: 2.6.9
      whatwg-fetch: 3.6.2
    transitivePeerDependencies:
      - encoding
    dev: false

  /jimp@0.22.10:
    resolution: {integrity: sha512-lCaHIJAgTOsplyJzC1w/laxSxrbSsEBw4byKwXgUdMmh+ayPsnidTblenQm+IvhIs44Gcuvlb6pd2LQ0wcKaKg==}
    dependencies:
      '@jimp/custom': 0.22.10
      '@jimp/plugins': 0.22.10(@jimp/custom@0.22.10)
      '@jimp/types': 0.22.10(@jimp/custom@0.22.10)
      regenerator-runtime: 0.13.11
    transitivePeerDependencies:
      - encoding
    dev: false

  /jpeg-js@0.4.4:
    resolution: {integrity: sha512-WZzeDOEtTOBK4Mdsar0IqEU5sMr3vSV2RqkAIzUEV2BHnUfKGyswWFPFwK5EeDo93K3FohSHbLAjj0s1Wzd+dg==}
    dev: false

  /load-bmfont@1.4.1:
    resolution: {integrity: sha512-8UyQoYmdRDy81Brz6aLAUhfZLwr5zV0L3taTQ4hju7m6biuwiWiJXjPhBJxbUQJA8PrkvJ/7Enqmwk2sM14soA==}
    dependencies:
      buffer-equal: 0.0.1
      mime: 1.6.0
      parse-bmfont-ascii: 1.0.6
      parse-bmfont-binary: 1.0.6
      parse-bmfont-xml: 1.1.4
      phin: 2.9.3
      xhr: 2.6.0
      xtend: 4.0.2
    dev: false

  /lodash.snakecase@4.1.1:
    resolution: {integrity: sha512-QZ1d4xoBHYUeuouhEq3lk3Uq7ldgyFXGBhg04+oRLnIz8o9T65Eh+8YdroUwn846zchkA9yDsDl5CVVaV2nqYw==}
    dev: false

  /lodash@4.17.21:
    resolution: {integrity: sha512-v2kDEe57lecTulaDIuNTPy3Ry4gLGJ6Z1O3vE1krgXZNrsQ+LFTGHVxVjcXPs17LhbZVGedAJv8XZ1tvj5FvSg==}
    dev: false

  /magic-bytes.js@1.0.15:
    resolution: {integrity: sha512-bpRmwbRHqongRhA+mXzbLWjVy7ylqmfMBYaQkSs6pac0z6hBTvsgrH0r4FBYd/UYVJBmS6Rp/O+oCCQVLzKV1g==}
    dev: false

  /memory-pager@1.5.0:
    resolution: {integrity: sha512-ZS4Bp4r/Zoeq6+NLJpP+0Zzm0pR8whtGPf1XExKLJBAczGMnSi3It14OiNCStjQjM6NU1okjQGSxgEZN8eBYKg==}
    requiresBuild: true
    dev: false
    optional: true

  /mime@1.6.0:
    resolution: {integrity: sha512-x0Vn8spI+wuJ1O6S7gnbaQg8Pxh4NNHb7KSINmEWKiPE4RKOplvijn+NkmYmmRgP68mc70j2EbeTFRsrswaQeg==}
    engines: {node: '>=4'}
    hasBin: true
    dev: false

  /mime@3.0.0:
    resolution: {integrity: sha512-jSCU7/VB1loIWBZe14aEYHU/+1UMEHoaO7qxCOVJOw9GgH72VAWppxNcjU+x9a2k3GSIBXNKxXQFqRvvZ7vr3A==}
    engines: {node: '>=10.0.0'}
    hasBin: true
    dev: false

  /min-document@2.19.0:
    resolution: {integrity: sha512-9Wy1B3m3f66bPPmU5hdA4DR4PB2OfDU/+GS3yAB7IQozE3tqXaVv2zOjgla7MEGSRv95+ILmOuvhLkOK6wJtCQ==}
    dependencies:
      dom-walk: 0.1.2
    dev: false

  /mongodb-connection-string-url@2.6.0:
    resolution: {integrity: sha512-WvTZlI9ab0QYtTYnuMLgobULWhokRjtC7db9LtcVfJ+Hsnyr5eo6ZtNAt3Ly24XZScGMelOcGtm7lSn0332tPQ==}
    dependencies:
      '@types/whatwg-url': 8.2.2
      whatwg-url: 11.0.0
    dev: false

  /mongodb@5.8.1:
    resolution: {integrity: sha512-wKyh4kZvm6NrCPH8AxyzXm3JBoEf4Xulo0aUWh3hCgwgYJxyQ1KLST86ZZaSWdj6/kxYUA3+YZuyADCE61CMSg==}
    engines: {node: '>=14.20.1'}
    peerDependencies:
      '@aws-sdk/credential-providers': ^3.188.0
      '@mongodb-js/zstd': ^1.0.0
      kerberos: ^1.0.0 || ^2.0.0
      mongodb-client-encryption: '>=2.3.0 <3'
      snappy: ^7.2.2
    peerDependenciesMeta:
      '@aws-sdk/credential-providers':
        optional: true
      '@mongodb-js/zstd':
        optional: true
      kerberos:
        optional: true
      mongodb-client-encryption:
        optional: true
      snappy:
        optional: true
    dependencies:
      bson: 5.4.0
      mongodb-connection-string-url: 2.6.0
      socks: 2.7.1
    optionalDependencies:
      '@mongodb-js/saslprep': 1.1.0
    dev: false

  /mri@1.2.0:
    resolution: {integrity: sha512-tzzskb3bG8LvYGFF/mDTpq3jpI6Q9wc3LEmBaghu+DdCssd1FakN7Bc0hVNmEyGq1bq3RgfkCb3cmQLpNPOroA==}
    engines: {node: '>=4'}
    dev: false

  /ms@2.0.0:
    resolution: {integrity: sha512-Tpp60P6IUJDTuOq/5Z8cdskzJujfwqfOTkrwIwj7IRISpnkJnT6SyJ4PCPnGMoFjC9ddhal5KVIYtAt97ix05A==}
    dev: false

  /ms@2.1.2:
    resolution: {integrity: sha512-sGkPx+VjMtmA6MX27oA4FBFELFCZZ4S4XqeGOXCv68tT+jb3vk/RyaKWP0PTKyWtmLSM0b+adUTEvbs1PEaH2w==}
    dev: false

  /next-tick@1.1.0:
    resolution: {integrity: sha512-CXdUiJembsNjuToQvxayPZF9Vqht7hewsvy2sOWafLvi2awflj9mOC6bHIg50orX8IJvWKY9wYQ/zB2kogPslQ==}
    dev: false

  /node-fetch@2.6.9:
    resolution: {integrity: sha512-DJm/CJkZkRjKKj4Zi4BsKVZh3ValV5IR5s7LVZnW+6YMh0W1BfNA8XSs6DLMGYlId5F3KnA70uu2qepcR08Qqg==}
    engines: {node: 4.x || >=6.0.0}
    peerDependencies:
      encoding: ^0.1.0
    peerDependenciesMeta:
      encoding:
        optional: true
    dependencies:
      whatwg-url: 5.0.0
    dev: false

  /node-gyp-build@4.6.0:
    resolution: {integrity: sha512-NTZVKn9IylLwUzaKjkas1e4u2DLNcV4rdYagA4PWdPwW87Bi7z+BznyKSRwS/761tV/lzCGXplWsiaMjLqP2zQ==}
    hasBin: true
    requiresBuild: true
    dev: false

  /node-localstorage@2.2.1:
    resolution: {integrity: sha512-vv8fJuOUCCvSPjDjBLlMqYMHob4aGjkmrkaE42/mZr0VT+ZAU10jRF8oTnX9+pgU9/vYJ8P7YT3Vd6ajkmzSCw==}
    engines: {node: '>=0.12'}
    dependencies:
      write-file-atomic: 1.3.4
    dev: false

  /omggif@1.0.10:
    resolution: {integrity: sha512-LMJTtvgc/nugXj0Vcrrs68Mn2D1r0zf630VNtqtpI1FEO7e+O9FP4gqs9AcnBaSEeoHIPm28u6qgPR0oyEpGSw==}
    dev: false

  /p-timeout@4.1.0:
    resolution: {integrity: sha512-+/wmHtzJuWii1sXn3HCuH/FTwGhrp4tmJTxSKJbfS+vkipci6osxXM5mY0jUiRzWKMTgUT8l7HFbeSwZAynqHw==}
    engines: {node: '>=10'}
    dev: false

  /pako@1.0.11:
    resolution: {integrity: sha512-4hLB8Py4zZce5s4yd9XzopqwVv/yGNhV1Bl8NTmCq1763HeK2+EwVTv+leGeL13Dnh2wfbqowVPXCIO0z4taYw==}
    dev: false

  /pako@2.1.0:
    resolution: {integrity: sha512-w+eufiZ1WuJYgPXbV/PO3NCMEc3xqylkKHzp8bxp1uW4qaSNQUkwmLLEc3kKsfz8lpV1F8Ht3U1Cm+9Srog2ug==}
    dev: false

  /parse-bmfont-ascii@1.0.6:
    resolution: {integrity: sha512-U4RrVsUFCleIOBsIGYOMKjn9PavsGOXxbvYGtMOEfnId0SVNsgehXh1DxUdVPLoxd5mvcEtvmKs2Mmf0Mpa1ZA==}
    dev: false

  /parse-bmfont-binary@1.0.6:
    resolution: {integrity: sha512-GxmsRea0wdGdYthjuUeWTMWPqm2+FAd4GI8vCvhgJsFnoGhTrLhXDDupwTo7rXVAgaLIGoVHDZS9p/5XbSqeWA==}
    dev: false

  /parse-bmfont-xml@1.1.4:
    resolution: {integrity: sha512-bjnliEOmGv3y1aMEfREMBJ9tfL3WR0i0CKPj61DnSLaoxWR3nLrsQrEbCId/8rF4NyRF0cCqisSVXyQYWM+mCQ==}
    dependencies:
      xml-parse-from-string: 1.0.1
      xml2js: 0.4.23
    dev: false

  /parse-headers@2.0.5:
    resolution: {integrity: sha512-ft3iAoLOB/MlwbNXgzy43SWGP6sQki2jQvAyBg/zDFAgr9bfNWZIUj42Kw2eJIl8kEi4PbgE6U1Zau/HwI75HA==}
    dev: false

  /path-browserify@1.0.1:
    resolution: {integrity: sha512-b7uo2UCUOYZcnF/3ID0lulOJi/bafxa1xPe7ZPsammBSpjSWQkjNxlt635YGS2MiR9GjvuXCtz2emr3jbsz98g==}
    dev: false

  /peek-readable@4.1.0:
    resolution: {integrity: sha512-ZI3LnwUv5nOGbQzD9c2iDG6toheuXSZP5esSHBjopsXH4dg19soufvpUGA3uohi5anFtGb2lhAVdHzH6R/Evvg==}
    engines: {node: '>=8'}
    dev: false

  /phin@2.9.3:
    resolution: {integrity: sha512-CzFr90qM24ju5f88quFC/6qohjC144rehe5n6DH900lgXmUe86+xCKc10ev56gRKC4/BkHUoG4uSiQgBiIXwDA==}
    dev: false

  /pixelmatch@4.0.2:
    resolution: {integrity: sha512-J8B6xqiO37sU/gkcMglv6h5Jbd9xNER7aHzpfRdNmV4IbQBzBpe4l9XmbG+xPF/znacgu2jfEw+wHffaq/YkXA==}
    hasBin: true
    dependencies:
      pngjs: 3.4.0
    dev: false

  /pngjs@3.4.0:
    resolution: {integrity: sha512-NCrCHhWmnQklfH4MtJMRjZ2a8c80qXeMlQMv2uVp9ISJMTt562SbGd6n2oq0PaPgKm7Z6pL9E2UlLIhC+SHL3w==}
    engines: {node: '>=4.0.0'}
    dev: false

  /pngjs@6.0.0:
    resolution: {integrity: sha512-TRzzuFRRmEoSW/p1KVAmiOgPco2Irlah+bGFCeNfJXxxYGwSw7YwAOAcd7X28K/m5bjBWKsC29KyoMfHbypayg==}
    engines: {node: '>=12.13.0'}
    dev: false

  /process@0.11.10:
    resolution: {integrity: sha512-cdGef/drWFoydD1JsMzuFf8100nZl+GT+yacc2bEced5f9Rjk4z+WtFUTBu9PhOi9j/jfmBPu0mMEY4wIdAF8A==}
    engines: {node: '>= 0.6.0'}
    dev: false

  /punycode@2.3.0:
    resolution: {integrity: sha512-rRV+zQD8tVFys26lAGR9WUuS4iUAngJScM+ZRSKtvl5tKeZ2t5bvdNFdNHBW9FWR4guGHlgmsZ1G7BSm2wTbuA==}
    engines: {node: '>=6'}
    dev: false

  /readable-stream@3.6.2:
    resolution: {integrity: sha512-9u/sniCrY3D5WdsERHzHE4G2YCXqoG5FTHUiCC4SIbr6XcLZBY05ya9EKjYek9O5xOAwjGq+1JdGBAS7Q9ScoA==}
    engines: {node: '>= 6'}
    dependencies:
      inherits: 2.0.4
      string_decoder: 1.3.0
      util-deprecate: 1.0.2
    dev: false

  /readable-web-to-node-stream@3.0.2:
    resolution: {integrity: sha512-ePeK6cc1EcKLEhJFt/AebMCLL+GgSKhuygrZ/GLaKZYEecIgIECf4UaUuaByiGtzckwR4ain9VzUh95T1exYGw==}
    engines: {node: '>=8'}
    dependencies:
      readable-stream: 3.6.2
    dev: false

  /real-cancellable-promise@1.2.0:
    resolution: {integrity: sha512-FYhmx1FVSgoPRjneoTjh+EKZcNb8ijl/dyatTzase5eujYhVrLNDOiIY6AgQq7GU1kOoLgEd9jLVbhFg8k8dOQ==}
    dev: false

  /regenerator-runtime@0.13.11:
    resolution: {integrity: sha512-kY1AZVr2Ra+t+piVaJ4gxaFaReZVH40AKNo7UCX6W+dEwBo/2oZJzqfuN1qLq1oL45o56cPaTXELwrTh8Fpggg==}
    dev: false

  /safe-buffer@5.2.1:
    resolution: {integrity: sha512-rp3So07KcdmmKbGvgaNxQSJr7bGVSVk5S9Eq1F+ppbRo70+YeaDxkw5Dd8NPN+GD6bjnYm2VuPuCXmpuYvmCXQ==}
    dev: false

  /safe-compare@1.1.4:
    resolution: {integrity: sha512-b9wZ986HHCo/HbKrRpBJb2kqXMK9CEWIE1egeEvZsYn69ay3kdfl9nG3RyOcR+jInTDf7a86WQ1d4VJX7goSSQ==}
    dependencies:
      buffer-alloc: 1.2.0
    dev: false

  /sandwich-stream@2.0.2:
    resolution: {integrity: sha512-jLYV0DORrzY3xaz/S9ydJL6Iz7essZeAfnAavsJ+zsJGZ1MOnsS52yRjU3uF3pJa/lla7+wisp//fxOwOH8SKQ==}
    engines: {node: '>= 0.10'}
    dev: false

  /sax@1.2.4:
    resolution: {integrity: sha512-NqVDv9TpANUjFm0N8uM5GxL36UgKi9/atZw+x7YFnQ8ckwFGKrl4xX4yWtrey3UJm5nP1kUbnYgLopqWNSRhWw==}
    dev: false

  /slide@1.1.6:
    resolution: {integrity: sha512-NwrtjCg+lZoqhFU8fOwl4ay2ei8PaqCBOUV3/ektPY9trO1yQ1oXEfmHAhKArUVUr/hOHvy5f6AdP17dCM0zMw==}
    dev: false

  /smart-buffer@4.2.0:
    resolution: {integrity: sha512-94hK0Hh8rPqQl2xXc3HsaBoOXKV20MToPkcXvwbISWLEs+64sBq5kFgn2kJDHb1Pry9yrP0dxrCI9RRci7RXKg==}
    engines: {node: '>= 6.0.0', npm: '>= 3.0.0'}
    dev: false

  /socks@2.7.1:
    resolution: {integrity: sha512-7maUZy1N7uo6+WVEX6psASxtNlKaNVMlGQKkG/63nEDdLOWNbiUMoLK7X4uYoLhQstau72mLgfEWcXcwsaHbYQ==}
    engines: {node: '>= 10.13.0', npm: '>= 3.0.0'}
    dependencies:
      ip: 2.0.0
      smart-buffer: 4.2.0
    dev: false

  /sparse-bitfield@3.0.3:
    resolution: {integrity: sha512-kvzhi7vqKTfkh0PZU+2D2PIllw2ymqJKujUcyPMd9Y75Nv4nPbGJZXNhxsgdQab2BmlDct1YnfQCguEvHr7VsQ==}
    requiresBuild: true
    dependencies:
      memory-pager: 1.5.0
    dev: false
    optional: true

  /store2@2.14.2:
    resolution: {integrity: sha512-siT1RiqlfQnGqgT/YzXVUNsom9S0H1OX+dpdGN1xkyYATo4I6sep5NmsRD/40s3IIOvlCq6akxkqG82urIZW1w==}
    dev: false

  /streamsearch@1.1.0:
    resolution: {integrity: sha512-Mcc5wHehp9aXz1ax6bZUyY5afg9u2rv5cqQI3mRrYkGC8rW2hM02jWuwjtL++LS5qinSyhj2QfLyNsuc+VsExg==}
    engines: {node: '>=10.0.0'}
    dev: false

  /string_decoder@1.3.0:
    resolution: {integrity: sha512-hkRX8U1WjJFd8LsDJ2yQ/wWWxaopEsABU1XfkM8A+j0+85JAGppt16cr1Whg6KIbb4okU6Mql6BOj+uup/wKeA==}
    dependencies:
      safe-buffer: 5.2.1
    dev: false

  /strtok3@6.3.0:
    resolution: {integrity: sha512-fZtbhtvI9I48xDSywd/somNqgUHl2L2cstmXCCif0itOf96jeW18MBSyrLuNicYQVkvpOxkZtkzujiTJ9LW5Jw==}
    engines: {node: '>=10'}
    dependencies:
      '@tokenizer/token': 0.3.0
      peek-readable: 4.1.0
    dev: false

  /telegraf@4.12.2:
    resolution: {integrity: sha512-PgwqI4wD86cMqVfFtEM9JkGGnMHgvgLJbReZMmwW4z35QeOi4DvbdItONld4bPnYn3A1jcO0SRKs0BXmR+x+Ew==}
    engines: {node: ^12.20.0 || >=14.13.1}
    hasBin: true
    dependencies:
      abort-controller: 3.0.0
      debug: 4.3.4
      mri: 1.2.0
      node-fetch: 2.6.9
      p-timeout: 4.1.0
      safe-compare: 1.1.4
      sandwich-stream: 2.0.2
      typegram: 4.3.0
    transitivePeerDependencies:
      - encoding
      - supports-color
    dev: false

  /telegram@2.18.38:
    resolution: {integrity: sha512-pj+7lnxbjdTZ2cIGledJjrQwmDwKbq6JJzEUm2/Qu4AHVI1TXVjCKHl5mphXumhtIdNs0FSnCjTqQOad2Ef7eA==}
    dependencies:
      '@cryptography/aes': 0.1.1
      async-mutex: 0.3.2
      big-integer: 1.6.51
      buffer: 6.0.3
      htmlparser2: 6.1.0
      mime: 3.0.0
      node-localstorage: 2.2.1
      pako: 2.1.0
      path-browserify: 1.0.1
      real-cancellable-promise: 1.2.0
      socks: 2.7.1
      store2: 2.14.2
      ts-custom-error: 3.3.1
      websocket: 1.0.34
    optionalDependencies:
      bufferutil: 4.0.7
      utf-8-validate: 5.0.10
    transitivePeerDependencies:
      - supports-color
    dev: false

  /timm@1.7.1:
    resolution: {integrity: sha512-IjZc9KIotudix8bMaBW6QvMuq64BrJWFs1+4V0lXwWGQZwH+LnX87doAYhem4caOEusRP9/g6jVDQmZ8XOk1nw==}
    dev: false

  /tinycolor2@1.6.0:
    resolution: {integrity: sha512-XPaBkWQJdsf3pLKJV9p4qN/S+fm2Oj8AIPo1BTUhg5oxkvm9+SVEGFdhyOz7tTdUTfvxMiAs4sp6/eZO2Ew+pw==}
    dev: false

  /token-types@4.2.1:
    resolution: {integrity: sha512-6udB24Q737UD/SDsKAHI9FCRP7Bqc9D/MQUV02ORQg5iskjtLJlZJNdN4kKtcdtwCeWIwIHDGaUsTsCCAa8sFQ==}
    engines: {node: '>=10'}
    dependencies:
      '@tokenizer/token': 0.3.0
      ieee754: 1.2.1
    dev: false

  /tr46@0.0.3:
    resolution: {integrity: sha512-N3WMsuqV66lT30CrXNbEjx4GEwlow3v6rr4mCcv6prnfwhS01rkgyFdjPNBYd9br7LpXV1+Emh01fHnq2Gdgrw==}
    dev: false

  /tr46@3.0.0:
    resolution: {integrity: sha512-l7FvfAHlcmulp8kr+flpQZmVwtu7nfRV7NZujtN0OqES8EL4O4e0qqzL0DC5gAvx/ZC/9lk6rhcUwYvkBnBnYA==}
    engines: {node: '>=12'}
    dependencies:
      punycode: 2.3.0
    dev: false

  /ts-custom-error@3.3.1:
    resolution: {integrity: sha512-5OX1tzOjxWEgsr/YEUWSuPrQ00deKLh6D7OTWcvNHm12/7QPyRh8SYpyWvA4IZv8H/+GQWQEh/kwo95Q9OVW1A==}
    engines: {node: '>=14.0.0'}
    dev: false

  /ts-mixer@6.0.3:
    resolution: {integrity: sha512-k43M7uCG1AkTyxgnmI5MPwKoUvS/bRvLvUb7+Pgpdlmok8AoqmUaZxUUw8zKM5B1lqZrt41GjYgnvAi0fppqgQ==}
    dev: false

  /tslib@2.6.1:
    resolution: {integrity: sha512-t0hLfiEKfMUoqhG+U1oid7Pva4bbDPHYfJNiB7BiIjRkj1pyC++4N3huJfqY6aRH6VTB0rvtzQwjM4K6qpfOig==}
    dev: false

  /type@1.2.0:
    resolution: {integrity: sha512-+5nt5AAniqsCnu2cEQQdpzCAh33kVx8n0VoFidKpB1dVVLAN/F+bgVOqOJqOnEnrhp222clB5p3vUlD+1QAnfg==}
    dev: false

  /type@2.7.2:
    resolution: {integrity: sha512-dzlvlNlt6AXU7EBSfpAscydQ7gXB+pPGsPnfJnZpiNJBDj7IaJzQlBZYGdEi4R9HmPdBv2XmWJ6YUtoTa7lmCw==}
    dev: false

  /typedarray-to-buffer@3.1.5:
    resolution: {integrity: sha512-zdu8XMNEDepKKR+XYOXAVPtWui0ly0NtohUscw+UmaHiAWT8hrV1rr//H6V+0DvJ3OQ19S979M0laLfX8rm82Q==}
    dependencies:
      is-typedarray: 1.0.0
    dev: false

  /typegram@4.3.0:
    resolution: {integrity: sha512-pS4STyOZoJ++Mwa9GPMTNjOwEzMkxFfFt1By6IbMOJfheP0utMP/H1ga6J9R4DTjAYBr0UDn4eQg++LpWBvcAg==}
    dev: false

  /typegram@5.0.0:
    resolution: {integrity: sha512-6Z4klKmEsDKfN8dLEf8Buh6vZk1RMGUgOJscVSRXbM+RiiRgjeabc2NucR4e+RoQ1m3mwMjbi+Td+TbrQTWT+g==}
    dev: false

  /typescript@5.2.2:
    resolution: {integrity: sha512-mI4WrpHsbCIcwT9cF4FZvr80QUeKvsUsUvKDoR+X/7XHQH98xYD8YHZg7ANtz2GtZt/CBq2QJ0thkGJMHfqc1w==}
    engines: {node: '>=14.17'}
    hasBin: true
    dev: false

  /undici@5.22.1:
    resolution: {integrity: sha512-Ji2IJhFXZY0x/0tVBXeQwgPlLWw13GVzpsWPQ3rV50IFMMof2I55PZZxtm4P6iNq+L5znYN9nSTAq0ZyE6lSJw==}
    engines: {node: '>=14.0'}
    dependencies:
      busboy: 1.6.0
    dev: false

  /utf-8-validate@5.0.10:
    resolution: {integrity: sha512-Z6czzLq4u8fPOyx7TU6X3dvUZVvoJmxSQ+IcrlmagKhilxlhZgxPK6C5Jqbkw1IDUmFTM+cz9QDnnLTwDz/2gQ==}
    engines: {node: '>=6.14.2'}
    requiresBuild: true
    dependencies:
      node-gyp-build: 4.6.0
    dev: false

  /utif2@4.1.0:
    resolution: {integrity: sha512-+oknB9FHrJ7oW7A2WZYajOcv4FcDR4CfoGB0dPNfxbi4GO05RRnFmt5oa23+9w32EanrYcSJWspUiJkLMs+37w==}
    dependencies:
      pako: 1.0.11
    dev: false

  /util-deprecate@1.0.2:
    resolution: {integrity: sha512-EPD5q1uXyFxJpCrLnCc1nHnq3gOa6DZBocAIiI2TaSCA7VCJ1UJDMagCzIkXNsUYfD1daK//LTEQ8xiIbrHtcw==}
    dev: false

  /webidl-conversions@3.0.1:
    resolution: {integrity: sha512-2JAn3z8AR6rjK8Sm8orRC0h/bcl/DqL7tRPdGZ4I1CjdF+EaMLmYxBHyXuKL849eucPFhvBoxMsflfOb8kxaeQ==}
    dev: false

  /webidl-conversions@7.0.0:
    resolution: {integrity: sha512-VwddBukDzu71offAQR975unBIGqfKZpM+8ZX6ySk8nYhVoo5CYaZyzt3YBvYtRtO+aoGlqxPg/B87NGVZ/fu6g==}
    engines: {node: '>=12'}
    dev: false

  /websocket@1.0.34:
    resolution: {integrity: sha512-PRDso2sGwF6kM75QykIesBijKSVceR6jL2G8NGYyq2XrItNC2P5/qL5XeR056GhA+Ly7JMFvJb9I312mJfmqnQ==}
    engines: {node: '>=4.0.0'}
    dependencies:
      bufferutil: 4.0.7
      debug: 2.6.9
      es5-ext: 0.10.62
      typedarray-to-buffer: 3.1.5
      utf-8-validate: 5.0.10
      yaeti: 0.0.6
    transitivePeerDependencies:
      - supports-color
    dev: false

  /whatwg-fetch@3.6.2:
    resolution: {integrity: sha512-bJlen0FcuU/0EMLrdbJ7zOnW6ITZLrZMIarMUVmdKtsGvZna8vxKYaexICWPfZ8qwf9fzNq+UEIZrnSaApt6RA==}
    dev: false

  /whatwg-url@11.0.0:
    resolution: {integrity: sha512-RKT8HExMpoYx4igMiVMY83lN6UeITKJlBQ+vR/8ZJ8OCdSiN3RwCq+9gH0+Xzj0+5IrM6i4j/6LuvzbZIQgEcQ==}
    engines: {node: '>=12'}
    dependencies:
      tr46: 3.0.0
      webidl-conversions: 7.0.0
    dev: false

  /whatwg-url@5.0.0:
    resolution: {integrity: sha512-saE57nupxk6v3HY35+jzBwYa0rKSy0XR8JSxZPwgLr7ys0IBzhGviA1/TUGJLmSVqs8pb9AnvICXEuOHLprYTw==}
    dependencies:
      tr46: 0.0.3
      webidl-conversions: 3.0.1
    dev: false

  /write-file-atomic@1.3.4:
    resolution: {integrity: sha512-SdrHoC/yVBPpV0Xq/mUZQIpW2sWXAShb/V4pomcJXh92RuaO+f3UTWItiR3Px+pLnV2PvC2/bfn5cwr5X6Vfxw==}
    dependencies:
      graceful-fs: 4.2.11
      imurmurhash: 0.1.4
      slide: 1.1.6
    dev: false

  /ws@8.13.0:
    resolution: {integrity: sha512-x9vcZYTrFPC7aSIbj7sRCYo7L/Xb8Iy+pW0ng0wt2vCJv7M9HOMy0UoN3rr+IFC7hb7vXoqS+P9ktyLLLhO+LA==}
    engines: {node: '>=10.0.0'}
    peerDependencies:
      bufferutil: ^4.0.1
      utf-8-validate: '>=5.0.2'
    peerDependenciesMeta:
      bufferutil:
        optional: true
      utf-8-validate:
        optional: true
    dev: false

  /xhr@2.6.0:
    resolution: {integrity: sha512-/eCGLb5rxjx5e3mF1A7s+pLlR6CGyqWN91fv1JgER5mVWg1MZmlhBvy9kjcsOdRk8RrIujotWyJamfyrp+WIcA==}
    dependencies:
      global: 4.4.0
      is-function: 1.0.2
      parse-headers: 2.0.5
      xtend: 4.0.2
    dev: false

  /xml-parse-from-string@1.0.1:
    resolution: {integrity: sha512-ErcKwJTF54uRzzNMXq2X5sMIy88zJvfN2DmdoQvy7PAFJ+tPRU6ydWuOKNMyfmOjdyBQTFREi60s0Y0SyI0G0g==}
    dev: false

  /xml2js@0.4.23:
    resolution: {integrity: sha512-ySPiMjM0+pLDftHgXY4By0uswI3SPKLDw/i3UXbnO8M/p28zqexCUoPmQFrYD+/1BzhGJSs2i1ERWKJAtiLrug==}
    engines: {node: '>=4.0.0'}
    dependencies:
      sax: 1.2.4
      xmlbuilder: 11.0.1
    dev: false

  /xmlbuilder@11.0.1:
    resolution: {integrity: sha512-fDlsI/kFEx7gLvbecc0/ohLG50fugQp8ryHzMTuW9vSa1GJ0XYWKnhsUx7oie3G98+r56aTQIUB4kht42R3JvA==}
    engines: {node: '>=4.0'}
    dev: false

  /xtend@4.0.2:
    resolution: {integrity: sha512-LKYU1iAXJXUgAXn9URjiu+MWhyUXHsvfp7mcuYm9dSUKK0/CjtrUwFAxD82/mCWbtLsGjFIad0wIsod4zrTAEQ==}
    engines: {node: '>=0.4'}
    dev: false

  /yaeti@0.0.6:
    resolution: {integrity: sha512-MvQa//+KcZCUkBTIC9blM+CU9J2GzuTytsOUwf2lidtvkx/6gnEp1QvJv34t9vdjhFmha/mUiNDbN0D0mJWdug==}
    engines: {node: '>=0.10.32'}
    dev: false

  git/github.com+TeleBridge/entity/75cc68df12a484e136b44e46603383e477d7b368:
    resolution: {commit: 75cc68df12a484e136b44e46603383e477d7b368, repo: git@github.com:TeleBridge/entity.git, type: git}
    name: '@telebridge/entity'
    version: 0.0.0-dev
    prepare: true
    requiresBuild: true
    dev: false
